// !$*UTF8*$!
{
	archiveVersion = 1;
	classes = {
	};
	objectVersion = 56;
	objects = {

/* Begin PBXBuildFile section */
		0052C0E52C3A8A2E003D08D3 /* APIKeys.swift in Sources */ = {isa = PBXBuildFile; fileRef = 0052C0E42C3A8A2E003D08D3 /* APIKeys.swift */; };
		0052C13A2C3AFB4D003D08D3 /* CombineMoya in Frameworks */ = {isa = PBXBuildFile; productRef = 0052C1392C3AFB4D003D08D3 /* CombineMoya */; };
		0086B5AD2C37E83B00AD889C /* OnboardingView.swift in Sources */ = {isa = PBXBuildFile; fileRef = 0086B5AC2C37E83B00AD889C /* OnboardingView.swift */; };
		0086B5B12C37E98D00AD889C /* CustomButton.swift in Sources */ = {isa = PBXBuildFile; fileRef = 0086B5B02C37E98C00AD889C /* CustomButton.swift */; };
		0086B5B42C37EA1200AD889C /* BottomButtonModifier.swift in Sources */ = {isa = PBXBuildFile; fileRef = 0086B5B32C37EA1200AD889C /* BottomButtonModifier.swift */; };
		0086B5B72C37ED2800AD889C /* Fonts+Ext.swift in Sources */ = {isa = PBXBuildFile; fileRef = 0086B5B62C37ED2800AD889C /* Fonts+Ext.swift */; };
		0086B5B92C37F18E00AD889C /* BottomSheetView.swift in Sources */ = {isa = PBXBuildFile; fileRef = 0086B5B82C37F18E00AD889C /* BottomSheetView.swift */; };
		0086B5BB2C37F1A600AD889C /* BottomViewGrabber.swift in Sources */ = {isa = PBXBuildFile; fileRef = 0086B5BA2C37F1A600AD889C /* BottomViewGrabber.swift */; };
		0086B5BD2C37F2AD00AD889C /* AuthView.swift in Sources */ = {isa = PBXBuildFile; fileRef = 0086B5BC2C37F2AD00AD889C /* AuthView.swift */; };
		0086B5BF2C37F50500AD889C /* RoundedCorner.swift in Sources */ = {isa = PBXBuildFile; fileRef = 0086B5BE2C37F50500AD889C /* RoundedCorner.swift */; };
		0086B5C12C38065600AD889C /* NavigationBarForCreatingNewFeature.swift in Sources */ = {isa = PBXBuildFile; fileRef = 0086B5C02C38065600AD889C /* NavigationBarForCreatingNewFeature.swift */; };
		0086B5C32C3806B500AD889C /* SignUpView.swift in Sources */ = {isa = PBXBuildFile; fileRef = 0086B5C22C3806B500AD889C /* SignUpView.swift */; };
		0086B5C52C38089F00AD889C /* InputView.swift in Sources */ = {isa = PBXBuildFile; fileRef = 0086B5C42C38089F00AD889C /* InputView.swift */; };
		0086B5C72C3812DD00AD889C /* LoginView.swift in Sources */ = {isa = PBXBuildFile; fileRef = 0086B5C62C3812DD00AD889C /* LoginView.swift */; };
		00DFAF852C3C38A000D25633 /* UserDefaultsManager.swift in Sources */ = {isa = PBXBuildFile; fileRef = 00DFAF842C3C38A000D25633 /* UserDefaultsManager.swift */; };
		00F6F2B62C3BE9A000C1AFF1 /* Store.swift in Sources */ = {isa = PBXBuildFile; fileRef = 00F6F2B52C3BE9A000C1AFF1 /* Store.swift */; };
		00F6F2B82C3BE9F700C1AFF1 /* State.swift in Sources */ = {isa = PBXBuildFile; fileRef = 00F6F2B72C3BE9F700C1AFF1 /* State.swift */; };
		00F6F2BA2C3BF4BA00C1AFF1 /* Middleware.swift in Sources */ = {isa = PBXBuildFile; fileRef = 00F6F2B92C3BF4BA00C1AFF1 /* Middleware.swift */; };
		00F6F2BC2C3BF4DC00C1AFF1 /* Reducer.swift in Sources */ = {isa = PBXBuildFile; fileRef = 00F6F2BB2C3BF4DC00C1AFF1 /* Reducer.swift */; };
		00F6F2BE2C3BF4FF00C1AFF1 /* Actions.swift in Sources */ = {isa = PBXBuildFile; fileRef = 00F6F2BD2C3BF4FF00C1AFF1 /* Actions.swift */; };
		00F6F2C22C3C115100C1AFF1 /* UserService.swift in Sources */ = {isa = PBXBuildFile; fileRef = 00F6F2C12C3C115100C1AFF1 /* UserService.swift */; };
		00F6F2C42C3C11E100C1AFF1 /* BaseService.swift in Sources */ = {isa = PBXBuildFile; fileRef = 00F6F2C32C3C11E100C1AFF1 /* BaseService.swift */; };
		00F6F2C72C3C129700C1AFF1 /* Headers.swift in Sources */ = {isa = PBXBuildFile; fileRef = 00F6F2C62C3C129700C1AFF1 /* Headers.swift */; };
		00F6F2CB2C3C13F700C1AFF1 /* LoginRequest.swift in Sources */ = {isa = PBXBuildFile; fileRef = 00F6F2CA2C3C13F700C1AFF1 /* LoginRequest.swift */; };
		00F6F2CD2C3C14EF00C1AFF1 /* BaseProvider.swift in Sources */ = {isa = PBXBuildFile; fileRef = 00F6F2CC2C3C14EF00C1AFF1 /* BaseProvider.swift */; };
		00F6F2D02C3C185000C1AFF1 /* UserProvider.swift in Sources */ = {isa = PBXBuildFile; fileRef = 00F6F2CF2C3C185000C1AFF1 /* UserProvider.swift */; };
		00F6F2D52C3C206100C1AFF1 /* UserInfo.swift in Sources */ = {isa = PBXBuildFile; fileRef = 00F6F2D42C3C206100C1AFF1 /* UserInfo.swift */; };
		00F878CB2C2BEE5B002610A8 /* CollaTalkApp.swift in Sources */ = {isa = PBXBuildFile; fileRef = 00F878CA2C2BEE5B002610A8 /* CollaTalkApp.swift */; };
		00F878CD2C2BEE5B002610A8 /* ContentView.swift in Sources */ = {isa = PBXBuildFile; fileRef = 00F878CC2C2BEE5B002610A8 /* ContentView.swift */; };
		00F878CF2C2BEE5C002610A8 /* Assets.xcassets in Resources */ = {isa = PBXBuildFile; fileRef = 00F878CE2C2BEE5C002610A8 /* Assets.xcassets */; };
		00F878D22C2BEE5C002610A8 /* Preview Assets.xcassets in Resources */ = {isa = PBXBuildFile; fileRef = 00F878D12C2BEE5C002610A8 /* Preview Assets.xcassets */; };
/* End PBXBuildFile section */

/* Begin PBXFileReference section */
		0052C0E42C3A8A2E003D08D3 /* APIKeys.swift */ = {isa = PBXFileReference; lastKnownFileType = sourcecode.swift; path = APIKeys.swift; sourceTree = "<group>"; };
		0086B5AC2C37E83B00AD889C /* OnboardingView.swift */ = {isa = PBXFileReference; lastKnownFileType = sourcecode.swift; path = OnboardingView.swift; sourceTree = "<group>"; };
		0086B5B02C37E98C00AD889C /* CustomButton.swift */ = {isa = PBXFileReference; lastKnownFileType = sourcecode.swift; path = CustomButton.swift; sourceTree = "<group>"; };
		0086B5B32C37EA1200AD889C /* BottomButtonModifier.swift */ = {isa = PBXFileReference; lastKnownFileType = sourcecode.swift; path = BottomButtonModifier.swift; sourceTree = "<group>"; };
		0086B5B62C37ED2800AD889C /* Fonts+Ext.swift */ = {isa = PBXFileReference; lastKnownFileType = sourcecode.swift; path = "Fonts+Ext.swift"; sourceTree = "<group>"; };
		0086B5B82C37F18E00AD889C /* BottomSheetView.swift */ = {isa = PBXFileReference; lastKnownFileType = sourcecode.swift; path = BottomSheetView.swift; sourceTree = "<group>"; };
		0086B5BA2C37F1A600AD889C /* BottomViewGrabber.swift */ = {isa = PBXFileReference; lastKnownFileType = sourcecode.swift; path = BottomViewGrabber.swift; sourceTree = "<group>"; };
		0086B5BC2C37F2AD00AD889C /* AuthView.swift */ = {isa = PBXFileReference; lastKnownFileType = sourcecode.swift; path = AuthView.swift; sourceTree = "<group>"; };
		0086B5BE2C37F50500AD889C /* RoundedCorner.swift */ = {isa = PBXFileReference; lastKnownFileType = sourcecode.swift; path = RoundedCorner.swift; sourceTree = "<group>"; };
		0086B5C02C38065600AD889C /* NavigationBarForCreatingNewFeature.swift */ = {isa = PBXFileReference; lastKnownFileType = sourcecode.swift; path = NavigationBarForCreatingNewFeature.swift; sourceTree = "<group>"; };
		0086B5C22C3806B500AD889C /* SignUpView.swift */ = {isa = PBXFileReference; lastKnownFileType = sourcecode.swift; path = SignUpView.swift; sourceTree = "<group>"; };
		0086B5C42C38089F00AD889C /* InputView.swift */ = {isa = PBXFileReference; lastKnownFileType = sourcecode.swift; path = InputView.swift; sourceTree = "<group>"; };
		0086B5C62C3812DD00AD889C /* LoginView.swift */ = {isa = PBXFileReference; lastKnownFileType = sourcecode.swift; path = LoginView.swift; sourceTree = "<group>"; };
		00DFAF842C3C38A000D25633 /* UserDefaultsManager.swift */ = {isa = PBXFileReference; lastKnownFileType = sourcecode.swift; path = UserDefaultsManager.swift; sourceTree = "<group>"; };
		00F6F2B52C3BE9A000C1AFF1 /* Store.swift */ = {isa = PBXFileReference; lastKnownFileType = sourcecode.swift; path = Store.swift; sourceTree = "<group>"; };
		00F6F2B72C3BE9F700C1AFF1 /* State.swift */ = {isa = PBXFileReference; lastKnownFileType = sourcecode.swift; path = State.swift; sourceTree = "<group>"; };
		00F6F2B92C3BF4BA00C1AFF1 /* Middleware.swift */ = {isa = PBXFileReference; lastKnownFileType = sourcecode.swift; path = Middleware.swift; sourceTree = "<group>"; };
		00F6F2BB2C3BF4DC00C1AFF1 /* Reducer.swift */ = {isa = PBXFileReference; lastKnownFileType = sourcecode.swift; path = Reducer.swift; sourceTree = "<group>"; };
		00F6F2BD2C3BF4FF00C1AFF1 /* Actions.swift */ = {isa = PBXFileReference; lastKnownFileType = sourcecode.swift; path = Actions.swift; sourceTree = "<group>"; };
		00F6F2C12C3C115100C1AFF1 /* UserService.swift */ = {isa = PBXFileReference; lastKnownFileType = sourcecode.swift; path = UserService.swift; sourceTree = "<group>"; };
		00F6F2C32C3C11E100C1AFF1 /* BaseService.swift */ = {isa = PBXFileReference; lastKnownFileType = sourcecode.swift; path = BaseService.swift; sourceTree = "<group>"; };
		00F6F2C62C3C129700C1AFF1 /* Headers.swift */ = {isa = PBXFileReference; lastKnownFileType = sourcecode.swift; path = Headers.swift; sourceTree = "<group>"; };
		00F6F2CA2C3C13F700C1AFF1 /* LoginRequest.swift */ = {isa = PBXFileReference; lastKnownFileType = sourcecode.swift; path = LoginRequest.swift; sourceTree = "<group>"; };
		00F6F2CC2C3C14EF00C1AFF1 /* BaseProvider.swift */ = {isa = PBXFileReference; lastKnownFileType = sourcecode.swift; path = BaseProvider.swift; sourceTree = "<group>"; };
		00F6F2CF2C3C185000C1AFF1 /* UserProvider.swift */ = {isa = PBXFileReference; lastKnownFileType = sourcecode.swift; path = UserProvider.swift; sourceTree = "<group>"; };
		00F6F2D42C3C206100C1AFF1 /* UserInfo.swift */ = {isa = PBXFileReference; lastKnownFileType = sourcecode.swift; path = UserInfo.swift; sourceTree = "<group>"; };
		00F878C72C2BEE5B002610A8 /* CollaTalk.app */ = {isa = PBXFileReference; explicitFileType = wrapper.application; includeInIndex = 0; path = CollaTalk.app; sourceTree = BUILT_PRODUCTS_DIR; };
		00F878CA2C2BEE5B002610A8 /* CollaTalkApp.swift */ = {isa = PBXFileReference; lastKnownFileType = sourcecode.swift; path = CollaTalkApp.swift; sourceTree = "<group>"; };
		00F878CC2C2BEE5B002610A8 /* ContentView.swift */ = {isa = PBXFileReference; lastKnownFileType = sourcecode.swift; path = ContentView.swift; sourceTree = "<group>"; };
		00F878CE2C2BEE5C002610A8 /* Assets.xcassets */ = {isa = PBXFileReference; lastKnownFileType = folder.assetcatalog; path = Assets.xcassets; sourceTree = "<group>"; };
		00F878D12C2BEE5C002610A8 /* Preview Assets.xcassets */ = {isa = PBXFileReference; lastKnownFileType = folder.assetcatalog; path = "Preview Assets.xcassets"; sourceTree = "<group>"; };
/* End PBXFileReference section */

/* Begin PBXFrameworksBuildPhase section */
		00F878C42C2BEE5B002610A8 /* Frameworks */ = {
			isa = PBXFrameworksBuildPhase;
			buildActionMask = 2147483647;
			files = (
				0052C13A2C3AFB4D003D08D3 /* CombineMoya in Frameworks */,
			);
			runOnlyForDeploymentPostprocessing = 0;
		};
/* End PBXFrameworksBuildPhase section */

/* Begin PBXGroup section */
		0052C0FF2C3AD554003D08D3 /* Application */ = {
			isa = PBXGroup;
			children = (
				00F878CA2C2BEE5B002610A8 /* CollaTalkApp.swift */,
			);
			path = Application;
			sourceTree = "<group>";
		};
		0052C10B2C3AD6E5003D08D3 /* Login */ = {
			isa = PBXGroup;
			children = (
				0086B5C62C3812DD00AD889C /* LoginView.swift */,
			);
			path = Login;
			sourceTree = "<group>";
		};
		0086B5A92C37DEB900AD889C /* Scenes */ = {
			isa = PBXGroup;
			children = (
				00F878CC2C2BEE5B002610A8 /* ContentView.swift */,
				0086B5AC2C37E83B00AD889C /* OnboardingView.swift */,
				0086B5BC2C37F2AD00AD889C /* AuthView.swift */,
				0052C10B2C3AD6E5003D08D3 /* Login */,
				0086B5C22C3806B500AD889C /* SignUpView.swift */,
			);
			path = Scenes;
			sourceTree = "<group>";
		};
		0086B5AE2C37E8F800AD889C /* Helpers */ = {
			isa = PBXGroup;
			children = (
				0086B5B52C37ED0B00AD889C /* Extensions */,
				0086B5B22C37EA0300AD889C /* CustomModifiers */,
				0086B5AF2C37E90600AD889C /* CustomViews */,
			);
			path = Helpers;
			sourceTree = "<group>";
		};
		0086B5AF2C37E90600AD889C /* CustomViews */ = {
			isa = PBXGroup;
			children = (
				0086B5B02C37E98C00AD889C /* CustomButton.swift */,
				0086B5B82C37F18E00AD889C /* BottomSheetView.swift */,
				0086B5BA2C37F1A600AD889C /* BottomViewGrabber.swift */,
				0086B5C02C38065600AD889C /* NavigationBarForCreatingNewFeature.swift */,
				0086B5C42C38089F00AD889C /* InputView.swift */,
			);
			path = CustomViews;
			sourceTree = "<group>";
		};
		0086B5B22C37EA0300AD889C /* CustomModifiers */ = {
			isa = PBXGroup;
			children = (
				0086B5B32C37EA1200AD889C /* BottomButtonModifier.swift */,
				0086B5BE2C37F50500AD889C /* RoundedCorner.swift */,
			);
			path = CustomModifiers;
			sourceTree = "<group>";
		};
		0086B5B52C37ED0B00AD889C /* Extensions */ = {
			isa = PBXGroup;
			children = (
				0086B5B62C37ED2800AD889C /* Fonts+Ext.swift */,
			);
			path = Extensions;
			sourceTree = "<group>";
		};
		00DFAF822C3C388F00D25633 /* Remote */ = {
			isa = PBXGroup;
			children = (
				00F6F2C52C3C124500C1AFF1 /* Base */,
				00F6F2C02C3C114600C1AFF1 /* Service */,
				00F6F2C82C3C13DB00C1AFF1 /* Model */,
				00F6F2CE2C3C184600C1AFF1 /* Provider */,
			);
			path = Remote;
			sourceTree = "<group>";
		};
		00DFAF832C3C389300D25633 /* Local */ = {
			isa = PBXGroup;
			children = (
				00DFAF842C3C38A000D25633 /* UserDefaultsManager.swift */,
			);
			path = Local;
			sourceTree = "<group>";
		};
		00F6F2B42C3BE99700C1AFF1 /* Core */ = {
			isa = PBXGroup;
			children = (
				00F6F2B52C3BE9A000C1AFF1 /* Store.swift */,
				00F6F2B72C3BE9F700C1AFF1 /* State.swift */,
				00F6F2B92C3BF4BA00C1AFF1 /* Middleware.swift */,
				00F6F2BB2C3BF4DC00C1AFF1 /* Reducer.swift */,
				00F6F2BD2C3BF4FF00C1AFF1 /* Actions.swift */,
			);
			path = Core;
			sourceTree = "<group>";
		};
		00F6F2BF2C3C105300C1AFF1 /* Network */ = {
			isa = PBXGroup;
			children = (
				00DFAF832C3C389300D25633 /* Local */,
				00DFAF822C3C388F00D25633 /* Remote */,
			);
			path = Network;
			sourceTree = "<group>";
		};
		00F6F2C02C3C114600C1AFF1 /* Service */ = {
			isa = PBXGroup;
			children = (
				00F6F2C12C3C115100C1AFF1 /* UserService.swift */,
			);
			path = Service;
			sourceTree = "<group>";
		};
		00F6F2C52C3C124500C1AFF1 /* Base */ = {
			isa = PBXGroup;
			children = (
				00F6F2CC2C3C14EF00C1AFF1 /* BaseProvider.swift */,
				00F6F2C32C3C11E100C1AFF1 /* BaseService.swift */,
				00F6F2C62C3C129700C1AFF1 /* Headers.swift */,
			);
			path = Base;
			sourceTree = "<group>";
		};
		00F6F2C82C3C13DB00C1AFF1 /* Model */ = {
			isa = PBXGroup;
			children = (
				00F6F2C92C3C13E200C1AFF1 /* Request */,
				00F6F2D12C3C202F00C1AFF1 /* Response */,
			);
			path = Model;
			sourceTree = "<group>";
		};
		00F6F2C92C3C13E200C1AFF1 /* Request */ = {
			isa = PBXGroup;
			children = (
				00F6F2D22C3C203A00C1AFF1 /* User */,
			);
			path = Request;
			sourceTree = "<group>";
		};
		00F6F2CE2C3C184600C1AFF1 /* Provider */ = {
			isa = PBXGroup;
			children = (
				00F6F2CF2C3C185000C1AFF1 /* UserProvider.swift */,
			);
			path = Provider;
			sourceTree = "<group>";
		};
		00F6F2D12C3C202F00C1AFF1 /* Response */ = {
			isa = PBXGroup;
			children = (
				00F6F2D32C3C205900C1AFF1 /* User */,
			);
			path = Response;
			sourceTree = "<group>";
		};
		00F6F2D22C3C203A00C1AFF1 /* User */ = {
			isa = PBXGroup;
			children = (
				00F6F2CA2C3C13F700C1AFF1 /* LoginRequest.swift */,
			);
			path = User;
			sourceTree = "<group>";
		};
		00F6F2D32C3C205900C1AFF1 /* User */ = {
			isa = PBXGroup;
			children = (
				00F6F2D42C3C206100C1AFF1 /* UserInfo.swift */,
			);
			path = User;
			sourceTree = "<group>";
		};
		00F878BE2C2BEE5B002610A8 = {
			isa = PBXGroup;
			children = (
				00F878C92C2BEE5B002610A8 /* CollaTalk */,
				00F878C82C2BEE5B002610A8 /* Products */,
			);
			sourceTree = "<group>";
		};
		00F878C82C2BEE5B002610A8 /* Products */ = {
			isa = PBXGroup;
			children = (
				00F878C72C2BEE5B002610A8 /* CollaTalk.app */,
			);
			name = Products;
			sourceTree = "<group>";
		};
		00F878C92C2BEE5B002610A8 /* CollaTalk */ = {
			isa = PBXGroup;
			children = (
				00F6F2BF2C3C105300C1AFF1 /* Network */,
				00F6F2B42C3BE99700C1AFF1 /* Core */,
				0052C0FF2C3AD554003D08D3 /* Application */,
				0052C0E42C3A8A2E003D08D3 /* APIKeys.swift */,
				0086B5AE2C37E8F800AD889C /* Helpers */,
				0086B5A92C37DEB900AD889C /* Scenes */,
				00F878CE2C2BEE5C002610A8 /* Assets.xcassets */,
				00F878D02C2BEE5C002610A8 /* Preview Content */,
			);
			path = CollaTalk;
			sourceTree = "<group>";
		};
		00F878D02C2BEE5C002610A8 /* Preview Content */ = {
			isa = PBXGroup;
			children = (
				00F878D12C2BEE5C002610A8 /* Preview Assets.xcassets */,
			);
			path = "Preview Content";
			sourceTree = "<group>";
		};
/* End PBXGroup section */

/* Begin PBXNativeTarget section */
		00F878C62C2BEE5B002610A8 /* CollaTalk */ = {
			isa = PBXNativeTarget;
			buildConfigurationList = 00F878D52C2BEE5C002610A8 /* Build configuration list for PBXNativeTarget "CollaTalk" */;
			buildPhases = (
				00F878C32C2BEE5B002610A8 /* Sources */,
				00F878C42C2BEE5B002610A8 /* Frameworks */,
				00F878C52C2BEE5B002610A8 /* Resources */,
			);
			buildRules = (
			);
			dependencies = (
			);
			name = CollaTalk;
			packageProductDependencies = (
				0052C1392C3AFB4D003D08D3 /* CombineMoya */,
			);
			productName = CollaTalk;
			productReference = 00F878C72C2BEE5B002610A8 /* CollaTalk.app */;
			productType = "com.apple.product-type.application";
		};
/* End PBXNativeTarget section */

/* Begin PBXProject section */
		00F878BF2C2BEE5B002610A8 /* Project object */ = {
			isa = PBXProject;
			attributes = {
				BuildIndependentTargetsInParallel = 1;
				LastSwiftUpdateCheck = 1540;
				LastUpgradeCheck = 1540;
				TargetAttributes = {
					00F878C62C2BEE5B002610A8 = {
						CreatedOnToolsVersion = 15.4;
					};
				};
			};
			buildConfigurationList = 00F878C22C2BEE5B002610A8 /* Build configuration list for PBXProject "CollaTalk" */;
			compatibilityVersion = "Xcode 14.0";
			developmentRegion = en;
			hasScannedForEncodings = 0;
			knownRegions = (
				en,
				Base,
			);
			mainGroup = 00F878BE2C2BEE5B002610A8;
			packageReferences = (
				0052C1382C3AFB4D003D08D3 /* XCRemoteSwiftPackageReference "Moya" */,
			);
			productRefGroup = 00F878C82C2BEE5B002610A8 /* Products */;
			projectDirPath = "";
			projectRoot = "";
			targets = (
				00F878C62C2BEE5B002610A8 /* CollaTalk */,
			);
		};
/* End PBXProject section */

/* Begin PBXResourcesBuildPhase section */
		00F878C52C2BEE5B002610A8 /* Resources */ = {
			isa = PBXResourcesBuildPhase;
			buildActionMask = 2147483647;
			files = (
				00F878D22C2BEE5C002610A8 /* Preview Assets.xcassets in Resources */,
				00F878CF2C2BEE5C002610A8 /* Assets.xcassets in Resources */,
			);
			runOnlyForDeploymentPostprocessing = 0;
		};
/* End PBXResourcesBuildPhase section */

/* Begin PBXSourcesBuildPhase section */
		00F878C32C2BEE5B002610A8 /* Sources */ = {
			isa = PBXSourcesBuildPhase;
			buildActionMask = 2147483647;
			files = (
				0086B5C52C38089F00AD889C /* InputView.swift in Sources */,
				00F878CD2C2BEE5B002610A8 /* ContentView.swift in Sources */,
				0086B5AD2C37E83B00AD889C /* OnboardingView.swift in Sources */,
				00F6F2B62C3BE9A000C1AFF1 /* Store.swift in Sources */,
				00F6F2BC2C3BF4DC00C1AFF1 /* Reducer.swift in Sources */,
				00F6F2BE2C3BF4FF00C1AFF1 /* Actions.swift in Sources */,
				0086B5BF2C37F50500AD889C /* RoundedCorner.swift in Sources */,
				0086B5B72C37ED2800AD889C /* Fonts+Ext.swift in Sources */,
				0052C0E52C3A8A2E003D08D3 /* APIKeys.swift in Sources */,
				00F878CB2C2BEE5B002610A8 /* CollaTalkApp.swift in Sources */,
				00F6F2C42C3C11E100C1AFF1 /* BaseService.swift in Sources */,
				0086B5B92C37F18E00AD889C /* BottomSheetView.swift in Sources */,
				00F6F2BA2C3BF4BA00C1AFF1 /* Middleware.swift in Sources */,
				00F6F2C72C3C129700C1AFF1 /* Headers.swift in Sources */,
				0086B5B12C37E98D00AD889C /* CustomButton.swift in Sources */,
				00F6F2CB2C3C13F700C1AFF1 /* LoginRequest.swift in Sources */,
				0086B5C72C3812DD00AD889C /* LoginView.swift in Sources */,
				00F6F2C22C3C115100C1AFF1 /* UserService.swift in Sources */,
				0086B5B42C37EA1200AD889C /* BottomButtonModifier.swift in Sources */,
				00F6F2D02C3C185000C1AFF1 /* UserProvider.swift in Sources */,
				00F6F2CD2C3C14EF00C1AFF1 /* BaseProvider.swift in Sources */,
				0086B5C32C3806B500AD889C /* SignUpView.swift in Sources */,
				00DFAF852C3C38A000D25633 /* UserDefaultsManager.swift in Sources */,
				00F6F2B82C3BE9F700C1AFF1 /* State.swift in Sources */,
				0086B5BB2C37F1A600AD889C /* BottomViewGrabber.swift in Sources */,
				0086B5C12C38065600AD889C /* NavigationBarForCreatingNewFeature.swift in Sources */,
				00F6F2D52C3C206100C1AFF1 /* UserInfo.swift in Sources */,
				0086B5BD2C37F2AD00AD889C /* AuthView.swift in Sources */,
			);
			runOnlyForDeploymentPostprocessing = 0;
		};
/* End PBXSourcesBuildPhase section */

/* Begin XCBuildConfiguration section */
		00F878D32C2BEE5C002610A8 /* Debug */ = {
			isa = XCBuildConfiguration;
			buildSettings = {
				ALWAYS_SEARCH_USER_PATHS = NO;
				ASSETCATALOG_COMPILER_GENERATE_SWIFT_ASSET_SYMBOL_EXTENSIONS = YES;
				CLANG_ANALYZER_NONNULL = YES;
				CLANG_ANALYZER_NUMBER_OBJECT_CONVERSION = YES_AGGRESSIVE;
				CLANG_CXX_LANGUAGE_STANDARD = "gnu++20";
				CLANG_ENABLE_MODULES = YES;
				CLANG_ENABLE_OBJC_ARC = YES;
				CLANG_ENABLE_OBJC_WEAK = YES;
				CLANG_WARN_BLOCK_CAPTURE_AUTORELEASING = YES;
				CLANG_WARN_BOOL_CONVERSION = YES;
				CLANG_WARN_COMMA = YES;
				CLANG_WARN_CONSTANT_CONVERSION = YES;
				CLANG_WARN_DEPRECATED_OBJC_IMPLEMENTATIONS = YES;
				CLANG_WARN_DIRECT_OBJC_ISA_USAGE = YES_ERROR;
				CLANG_WARN_DOCUMENTATION_COMMENTS = YES;
				CLANG_WARN_EMPTY_BODY = YES;
				CLANG_WARN_ENUM_CONVERSION = YES;
				CLANG_WARN_INFINITE_RECURSION = YES;
				CLANG_WARN_INT_CONVERSION = YES;
				CLANG_WARN_NON_LITERAL_NULL_CONVERSION = YES;
				CLANG_WARN_OBJC_IMPLICIT_RETAIN_SELF = YES;
				CLANG_WARN_OBJC_LITERAL_CONVERSION = YES;
				CLANG_WARN_OBJC_ROOT_CLASS = YES_ERROR;
				CLANG_WARN_QUOTED_INCLUDE_IN_FRAMEWORK_HEADER = YES;
				CLANG_WARN_RANGE_LOOP_ANALYSIS = YES;
				CLANG_WARN_STRICT_PROTOTYPES = YES;
				CLANG_WARN_SUSPICIOUS_MOVE = YES;
				CLANG_WARN_UNGUARDED_AVAILABILITY = YES_AGGRESSIVE;
				CLANG_WARN_UNREACHABLE_CODE = YES;
				CLANG_WARN__DUPLICATE_METHOD_MATCH = YES;
				COPY_PHASE_STRIP = NO;
				DEBUG_INFORMATION_FORMAT = dwarf;
				ENABLE_STRICT_OBJC_MSGSEND = YES;
				ENABLE_TESTABILITY = YES;
				ENABLE_USER_SCRIPT_SANDBOXING = YES;
				GCC_C_LANGUAGE_STANDARD = gnu17;
				GCC_DYNAMIC_NO_PIC = NO;
				GCC_NO_COMMON_BLOCKS = YES;
				GCC_OPTIMIZATION_LEVEL = 0;
				GCC_PREPROCESSOR_DEFINITIONS = (
					"DEBUG=1",
					"$(inherited)",
				);
				GCC_WARN_64_TO_32_BIT_CONVERSION = YES;
				GCC_WARN_ABOUT_RETURN_TYPE = YES_ERROR;
				GCC_WARN_UNDECLARED_SELECTOR = YES;
				GCC_WARN_UNINITIALIZED_AUTOS = YES_AGGRESSIVE;
				GCC_WARN_UNUSED_FUNCTION = YES;
				GCC_WARN_UNUSED_VARIABLE = YES;
				IPHONEOS_DEPLOYMENT_TARGET = 16.0;
				LOCALIZATION_PREFERS_STRING_CATALOGS = YES;
				MTL_ENABLE_DEBUG_INFO = INCLUDE_SOURCE;
				MTL_FAST_MATH = YES;
				ONLY_ACTIVE_ARCH = YES;
				SDKROOT = iphoneos;
				SWIFT_ACTIVE_COMPILATION_CONDITIONS = "DEBUG $(inherited)";
				SWIFT_OPTIMIZATION_LEVEL = "-Onone";
			};
			name = Debug;
		};
		00F878D42C2BEE5C002610A8 /* Release */ = {
			isa = XCBuildConfiguration;
			buildSettings = {
				ALWAYS_SEARCH_USER_PATHS = NO;
				ASSETCATALOG_COMPILER_GENERATE_SWIFT_ASSET_SYMBOL_EXTENSIONS = YES;
				CLANG_ANALYZER_NONNULL = YES;
				CLANG_ANALYZER_NUMBER_OBJECT_CONVERSION = YES_AGGRESSIVE;
				CLANG_CXX_LANGUAGE_STANDARD = "gnu++20";
				CLANG_ENABLE_MODULES = YES;
				CLANG_ENABLE_OBJC_ARC = YES;
				CLANG_ENABLE_OBJC_WEAK = YES;
				CLANG_WARN_BLOCK_CAPTURE_AUTORELEASING = YES;
				CLANG_WARN_BOOL_CONVERSION = YES;
				CLANG_WARN_COMMA = YES;
				CLANG_WARN_CONSTANT_CONVERSION = YES;
				CLANG_WARN_DEPRECATED_OBJC_IMPLEMENTATIONS = YES;
				CLANG_WARN_DIRECT_OBJC_ISA_USAGE = YES_ERROR;
				CLANG_WARN_DOCUMENTATION_COMMENTS = YES;
				CLANG_WARN_EMPTY_BODY = YES;
				CLANG_WARN_ENUM_CONVERSION = YES;
				CLANG_WARN_INFINITE_RECURSION = YES;
				CLANG_WARN_INT_CONVERSION = YES;
				CLANG_WARN_NON_LITERAL_NULL_CONVERSION = YES;
				CLANG_WARN_OBJC_IMPLICIT_RETAIN_SELF = YES;
				CLANG_WARN_OBJC_LITERAL_CONVERSION = YES;
				CLANG_WARN_OBJC_ROOT_CLASS = YES_ERROR;
				CLANG_WARN_QUOTED_INCLUDE_IN_FRAMEWORK_HEADER = YES;
				CLANG_WARN_RANGE_LOOP_ANALYSIS = YES;
				CLANG_WARN_STRICT_PROTOTYPES = YES;
				CLANG_WARN_SUSPICIOUS_MOVE = YES;
				CLANG_WARN_UNGUARDED_AVAILABILITY = YES_AGGRESSIVE;
				CLANG_WARN_UNREACHABLE_CODE = YES;
				CLANG_WARN__DUPLICATE_METHOD_MATCH = YES;
				COPY_PHASE_STRIP = NO;
				DEBUG_INFORMATION_FORMAT = "dwarf-with-dsym";
				ENABLE_NS_ASSERTIONS = NO;
				ENABLE_STRICT_OBJC_MSGSEND = YES;
				ENABLE_USER_SCRIPT_SANDBOXING = YES;
				GCC_C_LANGUAGE_STANDARD = gnu17;
				GCC_NO_COMMON_BLOCKS = YES;
				GCC_WARN_64_TO_32_BIT_CONVERSION = YES;
				GCC_WARN_ABOUT_RETURN_TYPE = YES_ERROR;
				GCC_WARN_UNDECLARED_SELECTOR = YES;
				GCC_WARN_UNINITIALIZED_AUTOS = YES_AGGRESSIVE;
				GCC_WARN_UNUSED_FUNCTION = YES;
				GCC_WARN_UNUSED_VARIABLE = YES;
				IPHONEOS_DEPLOYMENT_TARGET = 16.0;
				LOCALIZATION_PREFERS_STRING_CATALOGS = YES;
				MTL_ENABLE_DEBUG_INFO = NO;
				MTL_FAST_MATH = YES;
				SDKROOT = iphoneos;
				SWIFT_COMPILATION_MODE = wholemodule;
				VALIDATE_PRODUCT = YES;
			};
			name = Release;
		};
		00F878D62C2BEE5C002610A8 /* Debug */ = {
			isa = XCBuildConfiguration;
			buildSettings = {
				ASSETCATALOG_COMPILER_APPICON_NAME = AppIcon;
				ASSETCATALOG_COMPILER_GLOBAL_ACCENT_COLOR_NAME = AccentColor;
				CODE_SIGN_STYLE = Automatic;
				CURRENT_PROJECT_VERSION = 1;
				DEVELOPMENT_ASSET_PATHS = "\"CollaTalk/Preview Content\"";
				DEVELOPMENT_TEAM = "";
				ENABLE_PREVIEWS = YES;
				GENERATE_INFOPLIST_FILE = YES;
				INFOPLIST_FILE = CollaTalk/Info.plist;
				INFOPLIST_KEY_UIApplicationSceneManifest_Generation = YES;
				INFOPLIST_KEY_UIApplicationSupportsIndirectInputEvents = YES;
				INFOPLIST_KEY_UILaunchScreen_Generation = YES;
				INFOPLIST_KEY_UISupportedInterfaceOrientations = UIInterfaceOrientationPortrait;
				INFOPLIST_KEY_UISupportedInterfaceOrientations_iPad = "UIInterfaceOrientationLandscapeLeft UIInterfaceOrientationLandscapeRight UIInterfaceOrientationPortrait UIInterfaceOrientationPortraitUpsideDown";
				LD_RUNPATH_SEARCH_PATHS = (
					"$(inherited)",
					"@executable_path/Frameworks",
				);
				MARKETING_VERSION = 1.0;
				PRODUCT_BUNDLE_IDENTIFIER = com.constdreamcoder.CollaTalk;
				PRODUCT_NAME = "$(TARGET_NAME)";
				SUPPORTED_PLATFORMS = "iphoneos iphonesimulator";
				SUPPORTS_MACCATALYST = NO;
				SUPPORTS_MAC_DESIGNED_FOR_IPHONE_IPAD = NO;
				SUPPORTS_XR_DESIGNED_FOR_IPHONE_IPAD = NO;
				SWIFT_EMIT_LOC_STRINGS = YES;
				SWIFT_VERSION = 5.0;
				TARGETED_DEVICE_FAMILY = 1;
			};
			name = Debug;
		};
		00F878D72C2BEE5C002610A8 /* Release */ = {
			isa = XCBuildConfiguration;
			buildSettings = {
				ASSETCATALOG_COMPILER_APPICON_NAME = AppIcon;
				ASSETCATALOG_COMPILER_GLOBAL_ACCENT_COLOR_NAME = AccentColor;
				CODE_SIGN_STYLE = Automatic;
				CURRENT_PROJECT_VERSION = 1;
				DEVELOPMENT_ASSET_PATHS = "\"CollaTalk/Preview Content\"";
				DEVELOPMENT_TEAM = "";
				ENABLE_PREVIEWS = YES;
				GENERATE_INFOPLIST_FILE = YES;
				INFOPLIST_FILE = CollaTalk/Info.plist;
				INFOPLIST_KEY_UIApplicationSceneManifest_Generation = YES;
				INFOPLIST_KEY_UIApplicationSupportsIndirectInputEvents = YES;
				INFOPLIST_KEY_UILaunchScreen_Generation = YES;
				INFOPLIST_KEY_UISupportedInterfaceOrientations = UIInterfaceOrientationPortrait;
				INFOPLIST_KEY_UISupportedInterfaceOrientations_iPad = "UIInterfaceOrientationLandscapeLeft UIInterfaceOrientationLandscapeRight UIInterfaceOrientationPortrait UIInterfaceOrientationPortraitUpsideDown";
				LD_RUNPATH_SEARCH_PATHS = (
					"$(inherited)",
					"@executable_path/Frameworks",
				);
				MARKETING_VERSION = 1.0;
				PRODUCT_BUNDLE_IDENTIFIER = com.constdreamcoder.CollaTalk;
				PRODUCT_NAME = "$(TARGET_NAME)";
				SUPPORTED_PLATFORMS = "iphoneos iphonesimulator";
				SUPPORTS_MACCATALYST = NO;
				SUPPORTS_MAC_DESIGNED_FOR_IPHONE_IPAD = NO;
				SUPPORTS_XR_DESIGNED_FOR_IPHONE_IPAD = NO;
				SWIFT_EMIT_LOC_STRINGS = YES;
				SWIFT_VERSION = 5.0;
				TARGETED_DEVICE_FAMILY = 1;
			};
			name = Release;
		};
/* End XCBuildConfiguration section */

/* Begin XCConfigurationList section */
		00F878C22C2BEE5B002610A8 /* Build configuration list for PBXProject "CollaTalk" */ = {
			isa = XCConfigurationList;
			buildConfigurations = (
				00F878D32C2BEE5C002610A8 /* Debug */,
				00F878D42C2BEE5C002610A8 /* Release */,
			);
			defaultConfigurationIsVisible = 0;
			defaultConfigurationName = Release;
		};
		00F878D52C2BEE5C002610A8 /* Build configuration list for PBXNativeTarget "CollaTalk" */ = {
			isa = XCConfigurationList;
			buildConfigurations = (
				00F878D62C2BEE5C002610A8 /* Debug */,
				00F878D72C2BEE5C002610A8 /* Release */,
			);
			defaultConfigurationIsVisible = 0;
			defaultConfigurationName = Release;
		};
/* End XCConfigurationList section */

/* Begin XCRemoteSwiftPackageReference section */
		0052C1382C3AFB4D003D08D3 /* XCRemoteSwiftPackageReference "Moya" */ = {
			isa = XCRemoteSwiftPackageReference;
			repositoryURL = "https://github.com/Moya/Moya";
			requirement = {
				kind = upToNextMajorVersion;
				minimumVersion = 15.0.3;
			};
		};
/* End XCRemoteSwiftPackageReference section */

/* Begin XCSwiftPackageProductDependency section */
		0052C1392C3AFB4D003D08D3 /* CombineMoya */ = {
			isa = XCSwiftPackageProductDependency;
			package = 0052C1382C3AFB4D003D08D3 /* XCRemoteSwiftPackageReference "Moya" */;
			productName = CombineMoya;
		};
/* End XCSwiftPackageProductDependency section */
	};
	rootObject = 00F878BF2C2BEE5B002610A8 /* Project object */;
}
