// !$*UTF8*$!
{
	archiveVersion = 1;
	classes = {
	};
	objectVersion = 56;
	objects = {

/* Begin PBXBuildFile section */
		000CDD782C490788001F6085 /* EditWorkspaceParams.swift in Sources */ = {isa = PBXBuildFile; fileRef = 000CDD772C490788001F6085 /* EditWorkspaceParams.swift */; };
		000CDD7A2C4907BF001F6085 /* EditWorkspaceRequest.swift in Sources */ = {isa = PBXBuildFile; fileRef = 000CDD792C4907BF001F6085 /* EditWorkspaceRequest.swift */; };
		000CDD7D2C490823001F6085 /* MultiPartFormKey.swift in Sources */ = {isa = PBXBuildFile; fileRef = 000CDD7C2C490823001F6085 /* MultiPartFormKey.swift */; };
		000CDD7F2C49082E001F6085 /* ImageFile.swift in Sources */ = {isa = PBXBuildFile; fileRef = 000CDD7E2C49082E001F6085 /* ImageFile.swift */; };
		000CDD812C490947001F6085 /* EditWorkspaceError.swift in Sources */ = {isa = PBXBuildFile; fileRef = 000CDD802C490947001F6085 /* EditWorkspaceError.swift */; };
		0018096E2C46A82900F41D50 /* RemoteImageService.swift in Sources */ = {isa = PBXBuildFile; fileRef = 0018096D2C46A82900F41D50 /* RemoteImageService.swift */; };
		001809712C46A90D00F41D50 /* DownloadImageError.swift in Sources */ = {isa = PBXBuildFile; fileRef = 001809702C46A90D00F41D50 /* DownloadImageError.swift */; };
		002066F22C3E971D007E76BD /* ToastMessage.swift in Sources */ = {isa = PBXBuildFile; fileRef = 002066F12C3E971D007E76BD /* ToastMessage.swift */; };
		002066F42C3EC0F3007E76BD /* EmailDoubleCheckRequest.swift in Sources */ = {isa = PBXBuildFile; fileRef = 002066F32C3EC0F3007E76BD /* EmailDoubleCheckRequest.swift */; };
		002066F82C3EC3E8007E76BD /* JoinError.swift in Sources */ = {isa = PBXBuildFile; fileRef = 002066F72C3EC3E8007E76BD /* JoinError.swift */; };
		002066FB2C3ED63D007E76BD /* JoinRequest.swift in Sources */ = {isa = PBXBuildFile; fileRef = 002066FA2C3ED63D007E76BD /* JoinRequest.swift */; };
		002066FD2C3EDC67007E76BD /* Error+Ext.swift in Sources */ = {isa = PBXBuildFile; fileRef = 002066FC2C3EDC67007E76BD /* Error+Ext.swift */; };
		0020887D2C4B6FD00094E3B6 /* AlertType.swift in Sources */ = {isa = PBXBuildFile; fileRef = 0020887C2C4B6FD00094E3B6 /* AlertType.swift */; };
		002088802C4B720A0094E3B6 /* DeleteWorkspaceParams.swift in Sources */ = {isa = PBXBuildFile; fileRef = 0020887F2C4B720A0094E3B6 /* DeleteWorkspaceParams.swift */; };
		002088822C4B72EA0094E3B6 /* DeleteWorkspaceError.swift in Sources */ = {isa = PBXBuildFile; fileRef = 002088812C4B72EA0094E3B6 /* DeleteWorkspaceError.swift */; };
		00318EE52C3F7538003206CB /* WorkspaceStartView.swift in Sources */ = {isa = PBXBuildFile; fileRef = 00318EE42C3F7538003206CB /* WorkspaceStartView.swift */; };
		00318EE72C3F8115003206CB /* NavigationRouter.swift in Sources */ = {isa = PBXBuildFile; fileRef = 00318EE62C3F8115003206CB /* NavigationRouter.swift */; };
		00318EEB2C3F8EB6003206CB /* ModifyWorkspaceView.swift in Sources */ = {isa = PBXBuildFile; fileRef = 00318EEA2C3F8EB6003206CB /* ModifyWorkspaceView.swift */; };
		00318EED2C3FA9A7003206CB /* LoadingView.swift in Sources */ = {isa = PBXBuildFile; fileRef = 00318EEC2C3FA9A7003206CB /* LoadingView.swift */; };
		0034AC132C44B8640052EE0D /* CreateWorkspaceRequest.swift in Sources */ = {isa = PBXBuildFile; fileRef = 0034AC122C44B8640052EE0D /* CreateWorkspaceRequest.swift */; };
		0034AC162C44BE740052EE0D /* CreateWorkspaceError.swift in Sources */ = {isa = PBXBuildFile; fileRef = 0034AC152C44BE740052EE0D /* CreateWorkspaceError.swift */; };
		0034AC192C44E9870052EE0D /* String+Ext.swift in Sources */ = {isa = PBXBuildFile; fileRef = 0034AC182C44E9870052EE0D /* String+Ext.swift */; };
		0034AC1B2C44EC170052EE0D /* FetchMyChannelsParams.swift in Sources */ = {isa = PBXBuildFile; fileRef = 0034AC1A2C44EC170052EE0D /* FetchMyChannelsParams.swift */; };
		0037BBFF2C42C75C00E9AF0A /* MainTabView.swift in Sources */ = {isa = PBXBuildFile; fileRef = 0037BBFE2C42C75C00E9AF0A /* MainTabView.swift */; };
		0037BC012C42C77700E9AF0A /* MainTab.swift in Sources */ = {isa = PBXBuildFile; fileRef = 0037BC002C42C77700E9AF0A /* MainTab.swift */; };
		0037BC072C42D46900E9AF0A /* HomeEmptyView.swift in Sources */ = {isa = PBXBuildFile; fileRef = 0037BC062C42D46900E9AF0A /* HomeEmptyView.swift */; };
		0037BC0A2C42D62D00E9AF0A /* HomeContentType.swift in Sources */ = {isa = PBXBuildFile; fileRef = 0037BC092C42D62D00E9AF0A /* HomeContentType.swift */; };
		0037BC0F2C42E04900E9AF0A /* WorkspaceService.swift in Sources */ = {isa = PBXBuildFile; fileRef = 0037BC0E2C42E04900E9AF0A /* WorkspaceService.swift */; };
		0037BC122C42E12D00E9AF0A /* WorkspaceProvider.swift in Sources */ = {isa = PBXBuildFile; fileRef = 0037BC112C42E12D00E9AF0A /* WorkspaceProvider.swift */; };
		0037BC152C42E1AB00E9AF0A /* Workspace.swift in Sources */ = {isa = PBXBuildFile; fileRef = 0037BC142C42E1AB00E9AF0A /* Workspace.swift */; };
		00436E972C43ED17009FDB71 /* LogginPlugin.swift in Sources */ = {isa = PBXBuildFile; fileRef = 00436E962C43ED17009FDB71 /* LogginPlugin.swift */; };
		00436E992C43ED8D009FDB71 /* Data+Ext.swift in Sources */ = {isa = PBXBuildFile; fileRef = 00436E982C43ED8D009FDB71 /* Data+Ext.swift */; };
		00436E9B2C440F8C009FDB71 /* ImagePickerView.swift in Sources */ = {isa = PBXBuildFile; fileRef = 00436E9A2C440F8C009FDB71 /* ImagePickerView.swift */; };
		005278872C4EBA2500A85AA5 /* HiddenModifier.swift in Sources */ = {isa = PBXBuildFile; fileRef = 005278862C4EBA2500A85AA5 /* HiddenModifier.swift */; };
		0052C0E52C3A8A2E003D08D3 /* APIKeys.swift in Sources */ = {isa = PBXBuildFile; fileRef = 0052C0E42C3A8A2E003D08D3 /* APIKeys.swift */; };
		0052C13A2C3AFB4D003D08D3 /* CombineMoya in Frameworks */ = {isa = PBXBuildFile; productRef = 0052C1392C3AFB4D003D08D3 /* CombineMoya */; };
		005327502C41381800977D31 /* HomeDefaultView.swift in Sources */ = {isa = PBXBuildFile; fileRef = 0053274F2C41381800977D31 /* HomeDefaultView.swift */; };
		006060BD2C44FC5D001D300F /* FetchMyChannelsError.swift in Sources */ = {isa = PBXBuildFile; fileRef = 006060BC2C44FC5D001D300F /* FetchMyChannelsError.swift */; };
		006060BF2C45005E001D300F /* Channel.swift in Sources */ = {isa = PBXBuildFile; fileRef = 006060BE2C45005E001D300F /* Channel.swift */; };
		006060C12C450BF5001D300F /* FetchDMsParams.swift in Sources */ = {isa = PBXBuildFile; fileRef = 006060C02C450BF5001D300F /* FetchDMsParams.swift */; };
		006060C32C450C3D001D300F /* DM.swift in Sources */ = {isa = PBXBuildFile; fileRef = 006060C22C450C3D001D300F /* DM.swift */; };
		006060C52C450D83001D300F /* FetchDMsError.swift in Sources */ = {isa = PBXBuildFile; fileRef = 006060C42C450D83001D300F /* FetchDMsError.swift */; };
		0070E7132C4A01D4009058EA /* AlertView.swift in Sources */ = {isa = PBXBuildFile; fileRef = 0070E7122C4A01D4009058EA /* AlertView.swift */; };
		007441A52C465AEE00FA8727 /* ImageService.swift in Sources */ = {isa = PBXBuildFile; fileRef = 007441A42C465AEE00FA8727 /* ImageService.swift */; };
		007441A72C465E8E00FA8727 /* ImageProvider.swift in Sources */ = {isa = PBXBuildFile; fileRef = 007441A62C465E8E00FA8727 /* ImageProvider.swift */; };
		007441A92C465F9500FA8727 /* ImageCacheManager.swift in Sources */ = {isa = PBXBuildFile; fileRef = 007441A82C465F9500FA8727 /* ImageCacheManager.swift */; };
		007441AB2C4666E500FA8727 /* RemoteImage.swift in Sources */ = {isa = PBXBuildFile; fileRef = 007441AA2C4666E500FA8727 /* RemoteImage.swift */; };
		0086B5AD2C37E83B00AD889C /* OnboardingView.swift in Sources */ = {isa = PBXBuildFile; fileRef = 0086B5AC2C37E83B00AD889C /* OnboardingView.swift */; };
		0086B5B12C37E98D00AD889C /* CustomButton.swift in Sources */ = {isa = PBXBuildFile; fileRef = 0086B5B02C37E98C00AD889C /* CustomButton.swift */; };
		0086B5B42C37EA1200AD889C /* BottomButtonModifier.swift in Sources */ = {isa = PBXBuildFile; fileRef = 0086B5B32C37EA1200AD889C /* BottomButtonModifier.swift */; };
		0086B5B72C37ED2800AD889C /* Fonts+Ext.swift in Sources */ = {isa = PBXBuildFile; fileRef = 0086B5B62C37ED2800AD889C /* Fonts+Ext.swift */; };
		0086B5B92C37F18E00AD889C /* BottomSheetView.swift in Sources */ = {isa = PBXBuildFile; fileRef = 0086B5B82C37F18E00AD889C /* BottomSheetView.swift */; };
		0086B5BB2C37F1A600AD889C /* BottomViewGrabber.swift in Sources */ = {isa = PBXBuildFile; fileRef = 0086B5BA2C37F1A600AD889C /* BottomViewGrabber.swift */; };
		0086B5BD2C37F2AD00AD889C /* AuthView.swift in Sources */ = {isa = PBXBuildFile; fileRef = 0086B5BC2C37F2AD00AD889C /* AuthView.swift */; };
		0086B5BF2C37F50500AD889C /* RoundedCorner.swift in Sources */ = {isa = PBXBuildFile; fileRef = 0086B5BE2C37F50500AD889C /* RoundedCorner.swift */; };
		0086B5C12C38065600AD889C /* SheetNavigation.swift in Sources */ = {isa = PBXBuildFile; fileRef = 0086B5C02C38065600AD889C /* SheetNavigation.swift */; };
		0086B5C32C3806B500AD889C /* SignUpView.swift in Sources */ = {isa = PBXBuildFile; fileRef = 0086B5C22C3806B500AD889C /* SignUpView.swift */; };
		0086B5C52C38089F00AD889C /* InputView.swift in Sources */ = {isa = PBXBuildFile; fileRef = 0086B5C42C38089F00AD889C /* InputView.swift */; };
		0086B5C72C3812DD00AD889C /* LoginView.swift in Sources */ = {isa = PBXBuildFile; fileRef = 0086B5C62C3812DD00AD889C /* LoginView.swift */; };
		00A7E4142C4FD7BC00E9091B /* KeyboardToolbar.swift in Sources */ = {isa = PBXBuildFile; fileRef = 00A7E4132C4FD7BC00E9091B /* KeyboardToolbar.swift */; };
		00A7E41D2C5015E100E9091B /* ResizableTextView.swift in Sources */ = {isa = PBXBuildFile; fileRef = 00A7E41C2C5015E100E9091B /* ResizableTextView.swift */; };
		00C4F9BC2C3D1FB00027B2D6 /* ToastView.swift in Sources */ = {isa = PBXBuildFile; fileRef = 00C4F9BB2C3D1FB00027B2D6 /* ToastView.swift */; };
		00C4F9BF2C3D1FED0027B2D6 /* WindowProvider.swift in Sources */ = {isa = PBXBuildFile; fileRef = 00C4F9BE2C3D1FED0027B2D6 /* WindowProvider.swift */; };
		00DA64D52C512F42005BC393 /* CustomPhotosPicker.swift in Sources */ = {isa = PBXBuildFile; fileRef = 00DA64D42C512F42005BC393 /* CustomPhotosPicker.swift */; };
		00DA64D92C515E98005BC393 /* OnChangeModifier.swift in Sources */ = {isa = PBXBuildFile; fileRef = 00DA64D82C515E98005BC393 /* OnChangeModifier.swift */; };
		00DFAF852C3C38A000D25633 /* UserDefaultsManager.swift in Sources */ = {isa = PBXBuildFile; fileRef = 00DFAF842C3C38A000D25633 /* UserDefaultsManager.swift */; };
		00DFAF872C3C428300D25633 /* ErrorCode.swift in Sources */ = {isa = PBXBuildFile; fileRef = 00DFAF862C3C428300D25633 /* ErrorCode.swift */; };
		00DFAF8A2C3C42DB00D25633 /* CommonError.swift in Sources */ = {isa = PBXBuildFile; fileRef = 00DFAF892C3C42DB00D25633 /* CommonError.swift */; };
		00DFAF8E2C3C61C700D25633 /* ValidationCheck.swift in Sources */ = {isa = PBXBuildFile; fileRef = 00DFAF8D2C3C61C700D25633 /* ValidationCheck.swift */; };
		00ED9DFD2C4BA8EC00DF5AE7 /* ChangeWorkspaceOwnerView.swift in Sources */ = {isa = PBXBuildFile; fileRef = 00ED9DFC2C4BA8EC00DF5AE7 /* ChangeWorkspaceOwnerView.swift */; };
		00ED9DFF2C4BBFC600DF5AE7 /* FetchWorkspaceMembersParams.swift in Sources */ = {isa = PBXBuildFile; fileRef = 00ED9DFE2C4BBFC600DF5AE7 /* FetchWorkspaceMembersParams.swift */; };
		00ED9E012C4BC07400DF5AE7 /* WorkspaceMember.swift in Sources */ = {isa = PBXBuildFile; fileRef = 00ED9E002C4BC07400DF5AE7 /* WorkspaceMember.swift */; };
		00ED9E032C4BC15300DF5AE7 /* FetchWorkspaceMembersError.swift in Sources */ = {isa = PBXBuildFile; fileRef = 00ED9E022C4BC15300DF5AE7 /* FetchWorkspaceMembersError.swift */; };
		00ED9E052C4BECE000DF5AE7 /* TransferWorkspaceOwnershipParams.swift in Sources */ = {isa = PBXBuildFile; fileRef = 00ED9E042C4BECE000DF5AE7 /* TransferWorkspaceOwnershipParams.swift */; };
		00ED9E072C4BECF800DF5AE7 /* TransferWorkspaceOwnershipRequest.swift in Sources */ = {isa = PBXBuildFile; fileRef = 00ED9E062C4BECF800DF5AE7 /* TransferWorkspaceOwnershipRequest.swift */; };
		00ED9E092C4BED7100DF5AE7 /* TransferWorkspaceOwnershipError.swift in Sources */ = {isa = PBXBuildFile; fileRef = 00ED9E082C4BED7100DF5AE7 /* TransferWorkspaceOwnershipError.swift */; };
		00F1B6922C43696900E7EA56 /* MainNaigationBar.swift in Sources */ = {isa = PBXBuildFile; fileRef = 00F1B6912C43696900E7EA56 /* MainNaigationBar.swift */; };
		00F1B6942C43759700E7EA56 /* SideBar.swift in Sources */ = {isa = PBXBuildFile; fileRef = 00F1B6932C43759700E7EA56 /* SideBar.swift */; };
		00F1B6962C438BB000E7EA56 /* MainView.swift in Sources */ = {isa = PBXBuildFile; fileRef = 00F1B6952C438BB000E7EA56 /* MainView.swift */; };
		00F47A352C4E15020095EB4E /* InviteMemberView.swift in Sources */ = {isa = PBXBuildFile; fileRef = 00F47A342C4E15020095EB4E /* InviteMemberView.swift */; };
		00F47A372C4E1BFD0095EB4E /* InviteMemberParams.swift in Sources */ = {isa = PBXBuildFile; fileRef = 00F47A362C4E1BFD0095EB4E /* InviteMemberParams.swift */; };
		00F47A392C4E1C100095EB4E /* InviteMemberRequest.swift in Sources */ = {isa = PBXBuildFile; fileRef = 00F47A382C4E1C100095EB4E /* InviteMemberRequest.swift */; };
		00F47A3B2C4E1D980095EB4E /* InviteMemberError.swift in Sources */ = {isa = PBXBuildFile; fileRef = 00F47A3A2C4E1D980095EB4E /* InviteMemberError.swift */; };
		00F47A3D2C4E33340095EB4E /* TabViewProvider.swift in Sources */ = {isa = PBXBuildFile; fileRef = 00F47A3C2C4E33340095EB4E /* TabViewProvider.swift */; };
		00F47A402C4E42580095EB4E /* DMEmptyView.swift in Sources */ = {isa = PBXBuildFile; fileRef = 00F47A3F2C4E42580095EB4E /* DMEmptyView.swift */; };
		00F47A422C4E4B4D0095EB4E /* DMListView.swift in Sources */ = {isa = PBXBuildFile; fileRef = 00F47A412C4E4B4D0095EB4E /* DMListView.swift */; };
		00F47A442C4E5C870095EB4E /* DMView.swift in Sources */ = {isa = PBXBuildFile; fileRef = 00F47A432C4E5C870095EB4E /* DMView.swift */; };
		00F47A4E2C4E9F8D0095EB4E /* ChatView.swift in Sources */ = {isa = PBXBuildFile; fileRef = 00F47A4D2C4E9F8D0095EB4E /* ChatView.swift */; };
		00F6F2B62C3BE9A000C1AFF1 /* Store.swift in Sources */ = {isa = PBXBuildFile; fileRef = 00F6F2B52C3BE9A000C1AFF1 /* Store.swift */; };
		00F6F2B82C3BE9F700C1AFF1 /* State.swift in Sources */ = {isa = PBXBuildFile; fileRef = 00F6F2B72C3BE9F700C1AFF1 /* State.swift */; };
		00F6F2BA2C3BF4BA00C1AFF1 /* Middleware.swift in Sources */ = {isa = PBXBuildFile; fileRef = 00F6F2B92C3BF4BA00C1AFF1 /* Middleware.swift */; };
		00F6F2BC2C3BF4DC00C1AFF1 /* Reducer.swift in Sources */ = {isa = PBXBuildFile; fileRef = 00F6F2BB2C3BF4DC00C1AFF1 /* Reducer.swift */; };
		00F6F2BE2C3BF4FF00C1AFF1 /* Actions.swift in Sources */ = {isa = PBXBuildFile; fileRef = 00F6F2BD2C3BF4FF00C1AFF1 /* Actions.swift */; };
		00F6F2C22C3C115100C1AFF1 /* UserService.swift in Sources */ = {isa = PBXBuildFile; fileRef = 00F6F2C12C3C115100C1AFF1 /* UserService.swift */; };
		00F6F2C42C3C11E100C1AFF1 /* BaseService.swift in Sources */ = {isa = PBXBuildFile; fileRef = 00F6F2C32C3C11E100C1AFF1 /* BaseService.swift */; };
		00F6F2C72C3C129700C1AFF1 /* Headers.swift in Sources */ = {isa = PBXBuildFile; fileRef = 00F6F2C62C3C129700C1AFF1 /* Headers.swift */; };
		00F6F2CB2C3C13F700C1AFF1 /* LoginRequest.swift in Sources */ = {isa = PBXBuildFile; fileRef = 00F6F2CA2C3C13F700C1AFF1 /* LoginRequest.swift */; };
		00F6F2CD2C3C14EF00C1AFF1 /* BaseProvider.swift in Sources */ = {isa = PBXBuildFile; fileRef = 00F6F2CC2C3C14EF00C1AFF1 /* BaseProvider.swift */; };
		00F6F2D02C3C185000C1AFF1 /* UserProvider.swift in Sources */ = {isa = PBXBuildFile; fileRef = 00F6F2CF2C3C185000C1AFF1 /* UserProvider.swift */; };
		00F6F2D52C3C206100C1AFF1 /* UserInfo.swift in Sources */ = {isa = PBXBuildFile; fileRef = 00F6F2D42C3C206100C1AFF1 /* UserInfo.swift */; };
		00F878CB2C2BEE5B002610A8 /* CollaTalkApp.swift in Sources */ = {isa = PBXBuildFile; fileRef = 00F878CA2C2BEE5B002610A8 /* CollaTalkApp.swift */; };
		00F878CD2C2BEE5B002610A8 /* ContentView.swift in Sources */ = {isa = PBXBuildFile; fileRef = 00F878CC2C2BEE5B002610A8 /* ContentView.swift */; };
		00F878CF2C2BEE5C002610A8 /* Assets.xcassets in Resources */ = {isa = PBXBuildFile; fileRef = 00F878CE2C2BEE5C002610A8 /* Assets.xcassets */; };
		00F878D22C2BEE5C002610A8 /* Preview Assets.xcassets in Resources */ = {isa = PBXBuildFile; fileRef = 00F878D12C2BEE5C002610A8 /* Preview Assets.xcassets */; };
/* End PBXBuildFile section */

/* Begin PBXFileReference section */
		000CDD772C490788001F6085 /* EditWorkspaceParams.swift */ = {isa = PBXFileReference; lastKnownFileType = sourcecode.swift; path = EditWorkspaceParams.swift; sourceTree = "<group>"; };
		000CDD792C4907BF001F6085 /* EditWorkspaceRequest.swift */ = {isa = PBXFileReference; lastKnownFileType = sourcecode.swift; path = EditWorkspaceRequest.swift; sourceTree = "<group>"; };
		000CDD7C2C490823001F6085 /* MultiPartFormKey.swift */ = {isa = PBXFileReference; lastKnownFileType = sourcecode.swift; path = MultiPartFormKey.swift; sourceTree = "<group>"; };
		000CDD7E2C49082E001F6085 /* ImageFile.swift */ = {isa = PBXFileReference; lastKnownFileType = sourcecode.swift; path = ImageFile.swift; sourceTree = "<group>"; };
		000CDD802C490947001F6085 /* EditWorkspaceError.swift */ = {isa = PBXFileReference; lastKnownFileType = sourcecode.swift; path = EditWorkspaceError.swift; sourceTree = "<group>"; };
		0018096D2C46A82900F41D50 /* RemoteImageService.swift */ = {isa = PBXFileReference; lastKnownFileType = sourcecode.swift; path = RemoteImageService.swift; sourceTree = "<group>"; };
		001809702C46A90D00F41D50 /* DownloadImageError.swift */ = {isa = PBXFileReference; lastKnownFileType = sourcecode.swift; path = DownloadImageError.swift; sourceTree = "<group>"; };
		002066F12C3E971D007E76BD /* ToastMessage.swift */ = {isa = PBXFileReference; lastKnownFileType = sourcecode.swift; path = ToastMessage.swift; sourceTree = "<group>"; };
		002066F32C3EC0F3007E76BD /* EmailDoubleCheckRequest.swift */ = {isa = PBXFileReference; lastKnownFileType = sourcecode.swift; path = EmailDoubleCheckRequest.swift; sourceTree = "<group>"; };
		002066F72C3EC3E8007E76BD /* JoinError.swift */ = {isa = PBXFileReference; lastKnownFileType = sourcecode.swift; path = JoinError.swift; sourceTree = "<group>"; };
		002066FA2C3ED63D007E76BD /* JoinRequest.swift */ = {isa = PBXFileReference; lastKnownFileType = sourcecode.swift; path = JoinRequest.swift; sourceTree = "<group>"; };
		002066FC2C3EDC67007E76BD /* Error+Ext.swift */ = {isa = PBXFileReference; lastKnownFileType = sourcecode.swift; path = "Error+Ext.swift"; sourceTree = "<group>"; };
		0020887C2C4B6FD00094E3B6 /* AlertType.swift */ = {isa = PBXFileReference; lastKnownFileType = sourcecode.swift; path = AlertType.swift; sourceTree = "<group>"; };
		0020887F2C4B720A0094E3B6 /* DeleteWorkspaceParams.swift */ = {isa = PBXFileReference; lastKnownFileType = sourcecode.swift; path = DeleteWorkspaceParams.swift; sourceTree = "<group>"; };
		002088812C4B72EA0094E3B6 /* DeleteWorkspaceError.swift */ = {isa = PBXFileReference; lastKnownFileType = sourcecode.swift; path = DeleteWorkspaceError.swift; sourceTree = "<group>"; };
		00318EE42C3F7538003206CB /* WorkspaceStartView.swift */ = {isa = PBXFileReference; lastKnownFileType = sourcecode.swift; path = WorkspaceStartView.swift; sourceTree = "<group>"; };
		00318EE62C3F8115003206CB /* NavigationRouter.swift */ = {isa = PBXFileReference; lastKnownFileType = sourcecode.swift; path = NavigationRouter.swift; sourceTree = "<group>"; };
		00318EEA2C3F8EB6003206CB /* ModifyWorkspaceView.swift */ = {isa = PBXFileReference; lastKnownFileType = sourcecode.swift; path = ModifyWorkspaceView.swift; sourceTree = "<group>"; };
		00318EEC2C3FA9A7003206CB /* LoadingView.swift */ = {isa = PBXFileReference; lastKnownFileType = sourcecode.swift; path = LoadingView.swift; sourceTree = "<group>"; };
		0034AC122C44B8640052EE0D /* CreateWorkspaceRequest.swift */ = {isa = PBXFileReference; lastKnownFileType = sourcecode.swift; path = CreateWorkspaceRequest.swift; sourceTree = "<group>"; };
		0034AC152C44BE740052EE0D /* CreateWorkspaceError.swift */ = {isa = PBXFileReference; lastKnownFileType = sourcecode.swift; path = CreateWorkspaceError.swift; sourceTree = "<group>"; };
		0034AC182C44E9870052EE0D /* String+Ext.swift */ = {isa = PBXFileReference; lastKnownFileType = sourcecode.swift; path = "String+Ext.swift"; sourceTree = "<group>"; };
		0034AC1A2C44EC170052EE0D /* FetchMyChannelsParams.swift */ = {isa = PBXFileReference; lastKnownFileType = sourcecode.swift; path = FetchMyChannelsParams.swift; sourceTree = "<group>"; };
		0037BBFE2C42C75C00E9AF0A /* MainTabView.swift */ = {isa = PBXFileReference; lastKnownFileType = sourcecode.swift; path = MainTabView.swift; sourceTree = "<group>"; };
		0037BC002C42C77700E9AF0A /* MainTab.swift */ = {isa = PBXFileReference; lastKnownFileType = sourcecode.swift; path = MainTab.swift; sourceTree = "<group>"; };
		0037BC062C42D46900E9AF0A /* HomeEmptyView.swift */ = {isa = PBXFileReference; lastKnownFileType = sourcecode.swift; path = HomeEmptyView.swift; sourceTree = "<group>"; };
		0037BC092C42D62D00E9AF0A /* HomeContentType.swift */ = {isa = PBXFileReference; lastKnownFileType = sourcecode.swift; path = HomeContentType.swift; sourceTree = "<group>"; };
		0037BC0E2C42E04900E9AF0A /* WorkspaceService.swift */ = {isa = PBXFileReference; lastKnownFileType = sourcecode.swift; path = WorkspaceService.swift; sourceTree = "<group>"; };
		0037BC112C42E12D00E9AF0A /* WorkspaceProvider.swift */ = {isa = PBXFileReference; lastKnownFileType = sourcecode.swift; path = WorkspaceProvider.swift; sourceTree = "<group>"; };
		0037BC142C42E1AB00E9AF0A /* Workspace.swift */ = {isa = PBXFileReference; lastKnownFileType = sourcecode.swift; path = Workspace.swift; sourceTree = "<group>"; };
		00436E962C43ED17009FDB71 /* LogginPlugin.swift */ = {isa = PBXFileReference; lastKnownFileType = sourcecode.swift; path = LogginPlugin.swift; sourceTree = "<group>"; };
		00436E982C43ED8D009FDB71 /* Data+Ext.swift */ = {isa = PBXFileReference; lastKnownFileType = sourcecode.swift; path = "Data+Ext.swift"; sourceTree = "<group>"; };
		00436E9A2C440F8C009FDB71 /* ImagePickerView.swift */ = {isa = PBXFileReference; lastKnownFileType = sourcecode.swift; path = ImagePickerView.swift; sourceTree = "<group>"; };
		005278862C4EBA2500A85AA5 /* HiddenModifier.swift */ = {isa = PBXFileReference; lastKnownFileType = sourcecode.swift; path = HiddenModifier.swift; sourceTree = "<group>"; };
		0052C0E42C3A8A2E003D08D3 /* APIKeys.swift */ = {isa = PBXFileReference; lastKnownFileType = sourcecode.swift; path = APIKeys.swift; sourceTree = "<group>"; };
		0053274F2C41381800977D31 /* HomeDefaultView.swift */ = {isa = PBXFileReference; lastKnownFileType = sourcecode.swift; path = HomeDefaultView.swift; sourceTree = "<group>"; };
		006060BC2C44FC5D001D300F /* FetchMyChannelsError.swift */ = {isa = PBXFileReference; lastKnownFileType = sourcecode.swift; path = FetchMyChannelsError.swift; sourceTree = "<group>"; };
		006060BE2C45005E001D300F /* Channel.swift */ = {isa = PBXFileReference; lastKnownFileType = sourcecode.swift; path = Channel.swift; sourceTree = "<group>"; };
		006060C02C450BF5001D300F /* FetchDMsParams.swift */ = {isa = PBXFileReference; lastKnownFileType = sourcecode.swift; path = FetchDMsParams.swift; sourceTree = "<group>"; };
		006060C22C450C3D001D300F /* DM.swift */ = {isa = PBXFileReference; lastKnownFileType = sourcecode.swift; path = DM.swift; sourceTree = "<group>"; };
		006060C42C450D83001D300F /* FetchDMsError.swift */ = {isa = PBXFileReference; lastKnownFileType = sourcecode.swift; path = FetchDMsError.swift; sourceTree = "<group>"; };
		0070E7122C4A01D4009058EA /* AlertView.swift */ = {isa = PBXFileReference; lastKnownFileType = sourcecode.swift; path = AlertView.swift; sourceTree = "<group>"; };
		007441A42C465AEE00FA8727 /* ImageService.swift */ = {isa = PBXFileReference; lastKnownFileType = sourcecode.swift; path = ImageService.swift; sourceTree = "<group>"; };
		007441A62C465E8E00FA8727 /* ImageProvider.swift */ = {isa = PBXFileReference; lastKnownFileType = sourcecode.swift; path = ImageProvider.swift; sourceTree = "<group>"; };
		007441A82C465F9500FA8727 /* ImageCacheManager.swift */ = {isa = PBXFileReference; lastKnownFileType = sourcecode.swift; path = ImageCacheManager.swift; sourceTree = "<group>"; };
		007441AA2C4666E500FA8727 /* RemoteImage.swift */ = {isa = PBXFileReference; lastKnownFileType = sourcecode.swift; path = RemoteImage.swift; sourceTree = "<group>"; };
		0086B5AC2C37E83B00AD889C /* OnboardingView.swift */ = {isa = PBXFileReference; lastKnownFileType = sourcecode.swift; path = OnboardingView.swift; sourceTree = "<group>"; };
		0086B5B02C37E98C00AD889C /* CustomButton.swift */ = {isa = PBXFileReference; lastKnownFileType = sourcecode.swift; path = CustomButton.swift; sourceTree = "<group>"; };
		0086B5B32C37EA1200AD889C /* BottomButtonModifier.swift */ = {isa = PBXFileReference; lastKnownFileType = sourcecode.swift; path = BottomButtonModifier.swift; sourceTree = "<group>"; };
		0086B5B62C37ED2800AD889C /* Fonts+Ext.swift */ = {isa = PBXFileReference; lastKnownFileType = sourcecode.swift; path = "Fonts+Ext.swift"; sourceTree = "<group>"; };
		0086B5B82C37F18E00AD889C /* BottomSheetView.swift */ = {isa = PBXFileReference; lastKnownFileType = sourcecode.swift; path = BottomSheetView.swift; sourceTree = "<group>"; };
		0086B5BA2C37F1A600AD889C /* BottomViewGrabber.swift */ = {isa = PBXFileReference; lastKnownFileType = sourcecode.swift; path = BottomViewGrabber.swift; sourceTree = "<group>"; };
		0086B5BC2C37F2AD00AD889C /* AuthView.swift */ = {isa = PBXFileReference; lastKnownFileType = sourcecode.swift; path = AuthView.swift; sourceTree = "<group>"; };
		0086B5BE2C37F50500AD889C /* RoundedCorner.swift */ = {isa = PBXFileReference; lastKnownFileType = sourcecode.swift; path = RoundedCorner.swift; sourceTree = "<group>"; };
		0086B5C02C38065600AD889C /* SheetNavigation.swift */ = {isa = PBXFileReference; lastKnownFileType = sourcecode.swift; path = SheetNavigation.swift; sourceTree = "<group>"; };
		0086B5C22C3806B500AD889C /* SignUpView.swift */ = {isa = PBXFileReference; lastKnownFileType = sourcecode.swift; path = SignUpView.swift; sourceTree = "<group>"; };
		0086B5C42C38089F00AD889C /* InputView.swift */ = {isa = PBXFileReference; lastKnownFileType = sourcecode.swift; path = InputView.swift; sourceTree = "<group>"; };
		0086B5C62C3812DD00AD889C /* LoginView.swift */ = {isa = PBXFileReference; lastKnownFileType = sourcecode.swift; path = LoginView.swift; sourceTree = "<group>"; };
		00A7E4132C4FD7BC00E9091B /* KeyboardToolbar.swift */ = {isa = PBXFileReference; lastKnownFileType = sourcecode.swift; path = KeyboardToolbar.swift; sourceTree = "<group>"; };
		00A7E41C2C5015E100E9091B /* ResizableTextView.swift */ = {isa = PBXFileReference; lastKnownFileType = sourcecode.swift; path = ResizableTextView.swift; sourceTree = "<group>"; };
		00C4F9BB2C3D1FB00027B2D6 /* ToastView.swift */ = {isa = PBXFileReference; lastKnownFileType = sourcecode.swift; path = ToastView.swift; sourceTree = "<group>"; };
		00C4F9BE2C3D1FED0027B2D6 /* WindowProvider.swift */ = {isa = PBXFileReference; lastKnownFileType = sourcecode.swift; path = WindowProvider.swift; sourceTree = "<group>"; };
		00DA64D42C512F42005BC393 /* CustomPhotosPicker.swift */ = {isa = PBXFileReference; lastKnownFileType = sourcecode.swift; path = CustomPhotosPicker.swift; sourceTree = "<group>"; };
		00DA64D82C515E98005BC393 /* OnChangeModifier.swift */ = {isa = PBXFileReference; lastKnownFileType = sourcecode.swift; path = OnChangeModifier.swift; sourceTree = "<group>"; };
		00DFAF842C3C38A000D25633 /* UserDefaultsManager.swift */ = {isa = PBXFileReference; lastKnownFileType = sourcecode.swift; path = UserDefaultsManager.swift; sourceTree = "<group>"; };
		00DFAF862C3C428300D25633 /* ErrorCode.swift */ = {isa = PBXFileReference; lastKnownFileType = sourcecode.swift; path = ErrorCode.swift; sourceTree = "<group>"; };
		00DFAF892C3C42DB00D25633 /* CommonError.swift */ = {isa = PBXFileReference; lastKnownFileType = sourcecode.swift; path = CommonError.swift; sourceTree = "<group>"; };
		00DFAF8D2C3C61C700D25633 /* ValidationCheck.swift */ = {isa = PBXFileReference; lastKnownFileType = sourcecode.swift; path = ValidationCheck.swift; sourceTree = "<group>"; };
		00ED9DFC2C4BA8EC00DF5AE7 /* ChangeWorkspaceOwnerView.swift */ = {isa = PBXFileReference; lastKnownFileType = sourcecode.swift; path = ChangeWorkspaceOwnerView.swift; sourceTree = "<group>"; };
		00ED9DFE2C4BBFC600DF5AE7 /* FetchWorkspaceMembersParams.swift */ = {isa = PBXFileReference; lastKnownFileType = sourcecode.swift; path = FetchWorkspaceMembersParams.swift; sourceTree = "<group>"; };
		00ED9E002C4BC07400DF5AE7 /* WorkspaceMember.swift */ = {isa = PBXFileReference; lastKnownFileType = sourcecode.swift; path = WorkspaceMember.swift; sourceTree = "<group>"; };
		00ED9E022C4BC15300DF5AE7 /* FetchWorkspaceMembersError.swift */ = {isa = PBXFileReference; lastKnownFileType = sourcecode.swift; path = FetchWorkspaceMembersError.swift; sourceTree = "<group>"; };
		00ED9E042C4BECE000DF5AE7 /* TransferWorkspaceOwnershipParams.swift */ = {isa = PBXFileReference; lastKnownFileType = sourcecode.swift; path = TransferWorkspaceOwnershipParams.swift; sourceTree = "<group>"; };
		00ED9E062C4BECF800DF5AE7 /* TransferWorkspaceOwnershipRequest.swift */ = {isa = PBXFileReference; lastKnownFileType = sourcecode.swift; path = TransferWorkspaceOwnershipRequest.swift; sourceTree = "<group>"; };
		00ED9E082C4BED7100DF5AE7 /* TransferWorkspaceOwnershipError.swift */ = {isa = PBXFileReference; lastKnownFileType = sourcecode.swift; path = TransferWorkspaceOwnershipError.swift; sourceTree = "<group>"; };
		00F1B6912C43696900E7EA56 /* MainNaigationBar.swift */ = {isa = PBXFileReference; lastKnownFileType = sourcecode.swift; path = MainNaigationBar.swift; sourceTree = "<group>"; };
		00F1B6932C43759700E7EA56 /* SideBar.swift */ = {isa = PBXFileReference; lastKnownFileType = sourcecode.swift; path = SideBar.swift; sourceTree = "<group>"; };
		00F1B6952C438BB000E7EA56 /* MainView.swift */ = {isa = PBXFileReference; lastKnownFileType = sourcecode.swift; path = MainView.swift; sourceTree = "<group>"; };
		00F47A342C4E15020095EB4E /* InviteMemberView.swift */ = {isa = PBXFileReference; lastKnownFileType = sourcecode.swift; path = InviteMemberView.swift; sourceTree = "<group>"; };
		00F47A362C4E1BFD0095EB4E /* InviteMemberParams.swift */ = {isa = PBXFileReference; lastKnownFileType = sourcecode.swift; path = InviteMemberParams.swift; sourceTree = "<group>"; };
		00F47A382C4E1C100095EB4E /* InviteMemberRequest.swift */ = {isa = PBXFileReference; lastKnownFileType = sourcecode.swift; path = InviteMemberRequest.swift; sourceTree = "<group>"; };
		00F47A3A2C4E1D980095EB4E /* InviteMemberError.swift */ = {isa = PBXFileReference; lastKnownFileType = sourcecode.swift; path = InviteMemberError.swift; sourceTree = "<group>"; };
		00F47A3C2C4E33340095EB4E /* TabViewProvider.swift */ = {isa = PBXFileReference; lastKnownFileType = sourcecode.swift; path = TabViewProvider.swift; sourceTree = "<group>"; };
		00F47A3F2C4E42580095EB4E /* DMEmptyView.swift */ = {isa = PBXFileReference; lastKnownFileType = sourcecode.swift; path = DMEmptyView.swift; sourceTree = "<group>"; };
		00F47A412C4E4B4D0095EB4E /* DMListView.swift */ = {isa = PBXFileReference; lastKnownFileType = sourcecode.swift; path = DMListView.swift; sourceTree = "<group>"; };
		00F47A432C4E5C870095EB4E /* DMView.swift */ = {isa = PBXFileReference; lastKnownFileType = sourcecode.swift; path = DMView.swift; sourceTree = "<group>"; };
		00F47A4D2C4E9F8D0095EB4E /* ChatView.swift */ = {isa = PBXFileReference; lastKnownFileType = sourcecode.swift; path = ChatView.swift; sourceTree = "<group>"; };
		00F6F2B52C3BE9A000C1AFF1 /* Store.swift */ = {isa = PBXFileReference; lastKnownFileType = sourcecode.swift; path = Store.swift; sourceTree = "<group>"; };
		00F6F2B72C3BE9F700C1AFF1 /* State.swift */ = {isa = PBXFileReference; lastKnownFileType = sourcecode.swift; path = State.swift; sourceTree = "<group>"; };
		00F6F2B92C3BF4BA00C1AFF1 /* Middleware.swift */ = {isa = PBXFileReference; lastKnownFileType = sourcecode.swift; path = Middleware.swift; sourceTree = "<group>"; };
		00F6F2BB2C3BF4DC00C1AFF1 /* Reducer.swift */ = {isa = PBXFileReference; lastKnownFileType = sourcecode.swift; path = Reducer.swift; sourceTree = "<group>"; };
		00F6F2BD2C3BF4FF00C1AFF1 /* Actions.swift */ = {isa = PBXFileReference; lastKnownFileType = sourcecode.swift; path = Actions.swift; sourceTree = "<group>"; };
		00F6F2C12C3C115100C1AFF1 /* UserService.swift */ = {isa = PBXFileReference; lastKnownFileType = sourcecode.swift; path = UserService.swift; sourceTree = "<group>"; };
		00F6F2C32C3C11E100C1AFF1 /* BaseService.swift */ = {isa = PBXFileReference; lastKnownFileType = sourcecode.swift; path = BaseService.swift; sourceTree = "<group>"; };
		00F6F2C62C3C129700C1AFF1 /* Headers.swift */ = {isa = PBXFileReference; lastKnownFileType = sourcecode.swift; path = Headers.swift; sourceTree = "<group>"; };
		00F6F2CA2C3C13F700C1AFF1 /* LoginRequest.swift */ = {isa = PBXFileReference; lastKnownFileType = sourcecode.swift; path = LoginRequest.swift; sourceTree = "<group>"; };
		00F6F2CC2C3C14EF00C1AFF1 /* BaseProvider.swift */ = {isa = PBXFileReference; lastKnownFileType = sourcecode.swift; path = BaseProvider.swift; sourceTree = "<group>"; };
		00F6F2CF2C3C185000C1AFF1 /* UserProvider.swift */ = {isa = PBXFileReference; lastKnownFileType = sourcecode.swift; path = UserProvider.swift; sourceTree = "<group>"; };
		00F6F2D42C3C206100C1AFF1 /* UserInfo.swift */ = {isa = PBXFileReference; lastKnownFileType = sourcecode.swift; path = UserInfo.swift; sourceTree = "<group>"; };
		00F878C72C2BEE5B002610A8 /* CollaTalk.app */ = {isa = PBXFileReference; explicitFileType = wrapper.application; includeInIndex = 0; path = CollaTalk.app; sourceTree = BUILT_PRODUCTS_DIR; };
		00F878CA2C2BEE5B002610A8 /* CollaTalkApp.swift */ = {isa = PBXFileReference; lastKnownFileType = sourcecode.swift; path = CollaTalkApp.swift; sourceTree = "<group>"; };
		00F878CC2C2BEE5B002610A8 /* ContentView.swift */ = {isa = PBXFileReference; lastKnownFileType = sourcecode.swift; path = ContentView.swift; sourceTree = "<group>"; };
		00F878CE2C2BEE5C002610A8 /* Assets.xcassets */ = {isa = PBXFileReference; lastKnownFileType = folder.assetcatalog; path = Assets.xcassets; sourceTree = "<group>"; };
		00F878D12C2BEE5C002610A8 /* Preview Assets.xcassets */ = {isa = PBXFileReference; lastKnownFileType = folder.assetcatalog; path = "Preview Assets.xcassets"; sourceTree = "<group>"; };
/* End PBXFileReference section */

/* Begin PBXFrameworksBuildPhase section */
		00F878C42C2BEE5B002610A8 /* Frameworks */ = {
			isa = PBXFrameworksBuildPhase;
			buildActionMask = 2147483647;
			files = (
				0052C13A2C3AFB4D003D08D3 /* CombineMoya in Frameworks */,
			);
			runOnlyForDeploymentPostprocessing = 0;
		};
/* End PBXFrameworksBuildPhase section */

/* Begin PBXGroup section */
		000CDD7B2C49081B001F6085 /* Common */ = {
			isa = PBXGroup;
			children = (
				000CDD7C2C490823001F6085 /* MultiPartFormKey.swift */,
				000CDD7E2C49082E001F6085 /* ImageFile.swift */,
			);
			path = Common;
			sourceTree = "<group>";
		};
		0018096B2C46A7B200F41D50 /* RemoteImage */ = {
			isa = PBXGroup;
			children = (
				007441AA2C4666E500FA8727 /* RemoteImage.swift */,
				0018096D2C46A82900F41D50 /* RemoteImageService.swift */,
			);
			path = RemoteImage;
			sourceTree = "<group>";
		};
		0018096F2C46A8FD00F41D50 /* Image */ = {
			isa = PBXGroup;
			children = (
				001809702C46A90D00F41D50 /* DownloadImageError.swift */,
			);
			path = Image;
			sourceTree = "<group>";
		};
		001809722C46DB8100F41D50 /* Manager */ = {
			isa = PBXGroup;
			children = (
				007441A82C465F9500FA8727 /* ImageCacheManager.swift */,
			);
			path = Manager;
			sourceTree = "<group>";
		};
		002066F92C3EC45C007E76BD /* User */ = {
			isa = PBXGroup;
			children = (
				002066F72C3EC3E8007E76BD /* JoinError.swift */,
			);
			path = User;
			sourceTree = "<group>";
		};
		0020887E2C4B6FE20094E3B6 /* AlertView */ = {
			isa = PBXGroup;
			children = (
				0070E7122C4A01D4009058EA /* AlertView.swift */,
				0020887C2C4B6FD00094E3B6 /* AlertType.swift */,
			);
			path = AlertView;
			sourceTree = "<group>";
		};
		0034AC142C44BE580052EE0D /* Workspace */ = {
			isa = PBXGroup;
			children = (
				0034AC152C44BE740052EE0D /* CreateWorkspaceError.swift */,
				006060BC2C44FC5D001D300F /* FetchMyChannelsError.swift */,
				006060C42C450D83001D300F /* FetchDMsError.swift */,
				000CDD802C490947001F6085 /* EditWorkspaceError.swift */,
				002088812C4B72EA0094E3B6 /* DeleteWorkspaceError.swift */,
				00ED9E022C4BC15300DF5AE7 /* FetchWorkspaceMembersError.swift */,
				00ED9E082C4BED7100DF5AE7 /* TransferWorkspaceOwnershipError.swift */,
				00F47A3A2C4E1D980095EB4E /* InviteMemberError.swift */,
			);
			path = Workspace;
			sourceTree = "<group>";
		};
		0034AC1E2C44EDF20052EE0D /* Params */ = {
			isa = PBXGroup;
			children = (
				0034AC1A2C44EC170052EE0D /* FetchMyChannelsParams.swift */,
				006060C02C450BF5001D300F /* FetchDMsParams.swift */,
				000CDD772C490788001F6085 /* EditWorkspaceParams.swift */,
				0020887F2C4B720A0094E3B6 /* DeleteWorkspaceParams.swift */,
				00ED9DFE2C4BBFC600DF5AE7 /* FetchWorkspaceMembersParams.swift */,
				00ED9E042C4BECE000DF5AE7 /* TransferWorkspaceOwnershipParams.swift */,
				00F47A362C4E1BFD0095EB4E /* InviteMemberParams.swift */,
			);
			path = Params;
			sourceTree = "<group>";
		};
		0034AC1F2C44EDF80052EE0D /* Body */ = {
			isa = PBXGroup;
			children = (
				0034AC122C44B8640052EE0D /* CreateWorkspaceRequest.swift */,
				000CDD792C4907BF001F6085 /* EditWorkspaceRequest.swift */,
				00ED9E062C4BECF800DF5AE7 /* TransferWorkspaceOwnershipRequest.swift */,
				00F47A382C4E1C100095EB4E /* InviteMemberRequest.swift */,
			);
			path = Body;
			sourceTree = "<group>";
		};
		0037BC042C42D1DB00E9AF0A /* Init */ = {
			isa = PBXGroup;
			children = (
				0086B5AC2C37E83B00AD889C /* OnboardingView.swift */,
				0086B5BC2C37F2AD00AD889C /* AuthView.swift */,
				0086B5C62C3812DD00AD889C /* LoginView.swift */,
				0086B5C22C3806B500AD889C /* SignUpView.swift */,
			);
			path = Init;
			sourceTree = "<group>";
		};
		0037BC052C42D1FA00E9AF0A /* Main */ = {
			isa = PBXGroup;
			children = (
				00F1B6952C438BB000E7EA56 /* MainView.swift */,
				0037BC0D2C42D6A700E9AF0A /* Tab */,
				0037BC082C42D5F800E9AF0A /* Home */,
				00F1B6982C438FC400E7EA56 /* SideBar */,
				00F1B6972C438F2400E7EA56 /* Workspace */,
				00F47A3E2C4E415A0095EB4E /* DM */,
				00F47A4C2C4E9F4F0095EB4E /* Chat */,
			);
			path = Main;
			sourceTree = "<group>";
		};
		0037BC082C42D5F800E9AF0A /* Home */ = {
			isa = PBXGroup;
			children = (
				00F1B6912C43696900E7EA56 /* MainNaigationBar.swift */,
				0037BC0B2C42D66200E9AF0A /* HomeEmpty */,
				0037BC0C2C42D66D00E9AF0A /* HomeDefault */,
			);
			path = Home;
			sourceTree = "<group>";
		};
		0037BC0B2C42D66200E9AF0A /* HomeEmpty */ = {
			isa = PBXGroup;
			children = (
				0037BC062C42D46900E9AF0A /* HomeEmptyView.swift */,
			);
			path = HomeEmpty;
			sourceTree = "<group>";
		};
		0037BC0C2C42D66D00E9AF0A /* HomeDefault */ = {
			isa = PBXGroup;
			children = (
				0037BC092C42D62D00E9AF0A /* HomeContentType.swift */,
				0053274F2C41381800977D31 /* HomeDefaultView.swift */,
			);
			path = HomeDefault;
			sourceTree = "<group>";
		};
		0037BC0D2C42D6A700E9AF0A /* Tab */ = {
			isa = PBXGroup;
			children = (
				00F47A3C2C4E33340095EB4E /* TabViewProvider.swift */,
				0037BBFE2C42C75C00E9AF0A /* MainTabView.swift */,
				0037BC002C42C77700E9AF0A /* MainTab.swift */,
			);
			path = Tab;
			sourceTree = "<group>";
		};
		0037BC102C42E0D900E9AF0A /* Workspace */ = {
			isa = PBXGroup;
			children = (
				0034AC1E2C44EDF20052EE0D /* Params */,
				0034AC1F2C44EDF80052EE0D /* Body */,
			);
			path = Workspace;
			sourceTree = "<group>";
		};
		0037BC132C42E18E00E9AF0A /* Workspace */ = {
			isa = PBXGroup;
			children = (
				0037BC142C42E1AB00E9AF0A /* Workspace.swift */,
				006060BE2C45005E001D300F /* Channel.swift */,
				006060C22C450C3D001D300F /* DM.swift */,
				00ED9E002C4BC07400DF5AE7 /* WorkspaceMember.swift */,
			);
			path = Workspace;
			sourceTree = "<group>";
		};
		00436E952C43ED06009FDB71 /* Debugger */ = {
			isa = PBXGroup;
			children = (
				00436E962C43ED17009FDB71 /* LogginPlugin.swift */,
			);
			path = Debugger;
			sourceTree = "<group>";
		};
		00436E9C2C441E21009FDB71 /* UIViewController */ = {
			isa = PBXGroup;
			children = (
				00436E9A2C440F8C009FDB71 /* ImagePickerView.swift */,
			);
			path = UIViewController;
			sourceTree = "<group>";
		};
		00436E9F2C441E39009FDB71 /* UIVIew */ = {
			isa = PBXGroup;
			children = (
				00A7E41C2C5015E100E9091B /* ResizableTextView.swift */,
			);
			path = UIVIew;
			sourceTree = "<group>";
		};
		0052C0FF2C3AD554003D08D3 /* Application */ = {
			isa = PBXGroup;
			children = (
				00F878CA2C2BEE5B002610A8 /* CollaTalkApp.swift */,
			);
			path = Application;
			sourceTree = "<group>";
		};
		006060BA2C44FBE5001D300F /* Body */ = {
			isa = PBXGroup;
			children = (
				00F6F2CA2C3C13F700C1AFF1 /* LoginRequest.swift */,
				002066F32C3EC0F3007E76BD /* EmailDoubleCheckRequest.swift */,
				002066FA2C3ED63D007E76BD /* JoinRequest.swift */,
			);
			path = Body;
			sourceTree = "<group>";
		};
		006060BB2C44FBED001D300F /* Paramas */ = {
			isa = PBXGroup;
			children = (
			);
			path = Paramas;
			sourceTree = "<group>";
		};
		0086B5A92C37DEB900AD889C /* Scenes */ = {
			isa = PBXGroup;
			children = (
				00F878CC2C2BEE5B002610A8 /* ContentView.swift */,
				0037BC042C42D1DB00E9AF0A /* Init */,
				0037BC052C42D1FA00E9AF0A /* Main */,
			);
			path = Scenes;
			sourceTree = "<group>";
		};
		0086B5AE2C37E8F800AD889C /* Helpers */ = {
			isa = PBXGroup;
			children = (
				00C4F9BE2C3D1FED0027B2D6 /* WindowProvider.swift */,
				001809722C46DB8100F41D50 /* Manager */,
				00C4F9BD2C3D1FDC0027B2D6 /* UIKitComponents */,
				00C4F9B02C3CE5F90027B2D6 /* Enums */,
				0086B5B52C37ED0B00AD889C /* Extensions */,
				0086B5B22C37EA0300AD889C /* CustomModifiers */,
				0086B5AF2C37E90600AD889C /* CustomViews */,
			);
			path = Helpers;
			sourceTree = "<group>";
		};
		0086B5AF2C37E90600AD889C /* CustomViews */ = {
			isa = PBXGroup;
			children = (
				00DA64D42C512F42005BC393 /* CustomPhotosPicker.swift */,
				0086B5B02C37E98C00AD889C /* CustomButton.swift */,
				0086B5B82C37F18E00AD889C /* BottomSheetView.swift */,
				0086B5BA2C37F1A600AD889C /* BottomViewGrabber.swift */,
				0086B5C02C38065600AD889C /* SheetNavigation.swift */,
				0086B5C42C38089F00AD889C /* InputView.swift */,
				00C4F9BB2C3D1FB00027B2D6 /* ToastView.swift */,
				00318EEC2C3FA9A7003206CB /* LoadingView.swift */,
				0020887E2C4B6FE20094E3B6 /* AlertView */,
				0018096B2C46A7B200F41D50 /* RemoteImage */,
			);
			path = CustomViews;
			sourceTree = "<group>";
		};
		0086B5B22C37EA0300AD889C /* CustomModifiers */ = {
			isa = PBXGroup;
			children = (
				0086B5B32C37EA1200AD889C /* BottomButtonModifier.swift */,
				0086B5BE2C37F50500AD889C /* RoundedCorner.swift */,
				005278862C4EBA2500A85AA5 /* HiddenModifier.swift */,
				00A7E4132C4FD7BC00E9091B /* KeyboardToolbar.swift */,
				00DA64D82C515E98005BC393 /* OnChangeModifier.swift */,
			);
			path = CustomModifiers;
			sourceTree = "<group>";
		};
		0086B5B52C37ED0B00AD889C /* Extensions */ = {
			isa = PBXGroup;
			children = (
				0086B5B62C37ED2800AD889C /* Fonts+Ext.swift */,
				002066FC2C3EDC67007E76BD /* Error+Ext.swift */,
				00436E982C43ED8D009FDB71 /* Data+Ext.swift */,
				0034AC182C44E9870052EE0D /* String+Ext.swift */,
			);
			path = Extensions;
			sourceTree = "<group>";
		};
		00C4F9B02C3CE5F90027B2D6 /* Enums */ = {
			isa = PBXGroup;
			children = (
				00DFAF8D2C3C61C700D25633 /* ValidationCheck.swift */,
				002066F12C3E971D007E76BD /* ToastMessage.swift */,
			);
			path = Enums;
			sourceTree = "<group>";
		};
		00C4F9BD2C3D1FDC0027B2D6 /* UIKitComponents */ = {
			isa = PBXGroup;
			children = (
				00436E9C2C441E21009FDB71 /* UIViewController */,
				00436E9F2C441E39009FDB71 /* UIVIew */,
			);
			path = UIKitComponents;
			sourceTree = "<group>";
		};
		00DFAF822C3C388F00D25633 /* Remote */ = {
			isa = PBXGroup;
			children = (
				00436E952C43ED06009FDB71 /* Debugger */,
				00F6F2C52C3C124500C1AFF1 /* Base */,
				00F6F2C02C3C114600C1AFF1 /* Service */,
				00F6F2C82C3C13DB00C1AFF1 /* Model */,
				00F6F2CE2C3C184600C1AFF1 /* Provider */,
				00DFAF882C3C42C100D25633 /* ErrorHandler */,
			);
			path = Remote;
			sourceTree = "<group>";
		};
		00DFAF832C3C389300D25633 /* Local */ = {
			isa = PBXGroup;
			children = (
				00DFAF842C3C38A000D25633 /* UserDefaultsManager.swift */,
			);
			path = Local;
			sourceTree = "<group>";
		};
		00DFAF882C3C42C100D25633 /* ErrorHandler */ = {
			isa = PBXGroup;
			children = (
				00DFAF892C3C42DB00D25633 /* CommonError.swift */,
				002066F92C3EC45C007E76BD /* User */,
				0034AC142C44BE580052EE0D /* Workspace */,
				0018096F2C46A8FD00F41D50 /* Image */,
			);
			path = ErrorHandler;
			sourceTree = "<group>";
		};
		00F1B6972C438F2400E7EA56 /* Workspace */ = {
			isa = PBXGroup;
			children = (
				00318EE42C3F7538003206CB /* WorkspaceStartView.swift */,
				00318EEA2C3F8EB6003206CB /* ModifyWorkspaceView.swift */,
				00ED9DFC2C4BA8EC00DF5AE7 /* ChangeWorkspaceOwnerView.swift */,
				00F47A342C4E15020095EB4E /* InviteMemberView.swift */,
			);
			path = Workspace;
			sourceTree = "<group>";
		};
		00F1B6982C438FC400E7EA56 /* SideBar */ = {
			isa = PBXGroup;
			children = (
				00F1B6932C43759700E7EA56 /* SideBar.swift */,
			);
			path = SideBar;
			sourceTree = "<group>";
		};
		00F47A3E2C4E415A0095EB4E /* DM */ = {
			isa = PBXGroup;
			children = (
				00F47A432C4E5C870095EB4E /* DMView.swift */,
				00F47A452C4E5CA50095EB4E /* DMEmpty */,
				00F47A462C4E5CB00095EB4E /* DMList */,
			);
			path = DM;
			sourceTree = "<group>";
		};
		00F47A452C4E5CA50095EB4E /* DMEmpty */ = {
			isa = PBXGroup;
			children = (
				00F47A3F2C4E42580095EB4E /* DMEmptyView.swift */,
			);
			path = DMEmpty;
			sourceTree = "<group>";
		};
		00F47A462C4E5CB00095EB4E /* DMList */ = {
			isa = PBXGroup;
			children = (
				00F47A412C4E4B4D0095EB4E /* DMListView.swift */,
			);
			path = DMList;
			sourceTree = "<group>";
		};
		00F47A4C2C4E9F4F0095EB4E /* Chat */ = {
			isa = PBXGroup;
			children = (
				00F47A4D2C4E9F8D0095EB4E /* ChatView.swift */,
			);
			path = Chat;
			sourceTree = "<group>";
		};
		00F6F2B42C3BE99700C1AFF1 /* Core */ = {
			isa = PBXGroup;
			children = (
				00318EE62C3F8115003206CB /* NavigationRouter.swift */,
				00F6F2B92C3BF4BA00C1AFF1 /* Middleware.swift */,
				00F6F2BB2C3BF4DC00C1AFF1 /* Reducer.swift */,
				00F6F2BD2C3BF4FF00C1AFF1 /* Actions.swift */,
				00F6F2B52C3BE9A000C1AFF1 /* Store.swift */,
				00F6F2B72C3BE9F700C1AFF1 /* State.swift */,
			);
			path = Core;
			sourceTree = "<group>";
		};
		00F6F2BF2C3C105300C1AFF1 /* Network */ = {
			isa = PBXGroup;
			children = (
				00DFAF832C3C389300D25633 /* Local */,
				00DFAF822C3C388F00D25633 /* Remote */,
			);
			path = Network;
			sourceTree = "<group>";
		};
		00F6F2C02C3C114600C1AFF1 /* Service */ = {
			isa = PBXGroup;
			children = (
				00F6F2C12C3C115100C1AFF1 /* UserService.swift */,
				0037BC0E2C42E04900E9AF0A /* WorkspaceService.swift */,
				007441A42C465AEE00FA8727 /* ImageService.swift */,
			);
			path = Service;
			sourceTree = "<group>";
		};
		00F6F2C52C3C124500C1AFF1 /* Base */ = {
			isa = PBXGroup;
			children = (
				00F6F2CC2C3C14EF00C1AFF1 /* BaseProvider.swift */,
				00F6F2C32C3C11E100C1AFF1 /* BaseService.swift */,
				00F6F2C62C3C129700C1AFF1 /* Headers.swift */,
			);
			path = Base;
			sourceTree = "<group>";
		};
		00F6F2C82C3C13DB00C1AFF1 /* Model */ = {
			isa = PBXGroup;
			children = (
				00F6F2C92C3C13E200C1AFF1 /* Request */,
				00F6F2D12C3C202F00C1AFF1 /* Response */,
			);
			path = Model;
			sourceTree = "<group>";
		};
		00F6F2C92C3C13E200C1AFF1 /* Request */ = {
			isa = PBXGroup;
			children = (
				000CDD7B2C49081B001F6085 /* Common */,
				00F6F2D22C3C203A00C1AFF1 /* User */,
				0037BC102C42E0D900E9AF0A /* Workspace */,
			);
			path = Request;
			sourceTree = "<group>";
		};
		00F6F2CE2C3C184600C1AFF1 /* Provider */ = {
			isa = PBXGroup;
			children = (
				00F6F2CF2C3C185000C1AFF1 /* UserProvider.swift */,
				0037BC112C42E12D00E9AF0A /* WorkspaceProvider.swift */,
				007441A62C465E8E00FA8727 /* ImageProvider.swift */,
			);
			path = Provider;
			sourceTree = "<group>";
		};
		00F6F2D12C3C202F00C1AFF1 /* Response */ = {
			isa = PBXGroup;
			children = (
				00DFAF862C3C428300D25633 /* ErrorCode.swift */,
				00F6F2D32C3C205900C1AFF1 /* User */,
				0037BC132C42E18E00E9AF0A /* Workspace */,
			);
			path = Response;
			sourceTree = "<group>";
		};
		00F6F2D22C3C203A00C1AFF1 /* User */ = {
			isa = PBXGroup;
			children = (
				006060BB2C44FBED001D300F /* Paramas */,
				006060BA2C44FBE5001D300F /* Body */,
			);
			path = User;
			sourceTree = "<group>";
		};
		00F6F2D32C3C205900C1AFF1 /* User */ = {
			isa = PBXGroup;
			children = (
				00F6F2D42C3C206100C1AFF1 /* UserInfo.swift */,
			);
			path = User;
			sourceTree = "<group>";
		};
		00F878BE2C2BEE5B002610A8 = {
			isa = PBXGroup;
			children = (
				00F878C92C2BEE5B002610A8 /* CollaTalk */,
				00F878C82C2BEE5B002610A8 /* Products */,
			);
			sourceTree = "<group>";
		};
		00F878C82C2BEE5B002610A8 /* Products */ = {
			isa = PBXGroup;
			children = (
				00F878C72C2BEE5B002610A8 /* CollaTalk.app */,
			);
			name = Products;
			sourceTree = "<group>";
		};
		00F878C92C2BEE5B002610A8 /* CollaTalk */ = {
			isa = PBXGroup;
			children = (
				0052C0E42C3A8A2E003D08D3 /* APIKeys.swift */,
				0052C0FF2C3AD554003D08D3 /* Application */,
				00F6F2BF2C3C105300C1AFF1 /* Network */,
				00F6F2B42C3BE99700C1AFF1 /* Core */,
				0086B5A92C37DEB900AD889C /* Scenes */,
				0086B5AE2C37E8F800AD889C /* Helpers */,
				00F878CE2C2BEE5C002610A8 /* Assets.xcassets */,
				00F878D02C2BEE5C002610A8 /* Preview Content */,
			);
			path = CollaTalk;
			sourceTree = "<group>";
		};
		00F878D02C2BEE5C002610A8 /* Preview Content */ = {
			isa = PBXGroup;
			children = (
				00F878D12C2BEE5C002610A8 /* Preview Assets.xcassets */,
			);
			path = "Preview Content";
			sourceTree = "<group>";
		};
/* End PBXGroup section */

/* Begin PBXNativeTarget section */
		00F878C62C2BEE5B002610A8 /* CollaTalk */ = {
			isa = PBXNativeTarget;
			buildConfigurationList = 00F878D52C2BEE5C002610A8 /* Build configuration list for PBXNativeTarget "CollaTalk" */;
			buildPhases = (
				00F878C32C2BEE5B002610A8 /* Sources */,
				00F878C42C2BEE5B002610A8 /* Frameworks */,
				00F878C52C2BEE5B002610A8 /* Resources */,
			);
			buildRules = (
			);
			dependencies = (
			);
			name = CollaTalk;
			packageProductDependencies = (
				0052C1392C3AFB4D003D08D3 /* CombineMoya */,
			);
			productName = CollaTalk;
			productReference = 00F878C72C2BEE5B002610A8 /* CollaTalk.app */;
			productType = "com.apple.product-type.application";
		};
/* End PBXNativeTarget section */

/* Begin PBXProject section */
		00F878BF2C2BEE5B002610A8 /* Project object */ = {
			isa = PBXProject;
			attributes = {
				BuildIndependentTargetsInParallel = 1;
				LastSwiftUpdateCheck = 1540;
				LastUpgradeCheck = 1540;
				TargetAttributes = {
					00F878C62C2BEE5B002610A8 = {
						CreatedOnToolsVersion = 15.4;
					};
				};
			};
			buildConfigurationList = 00F878C22C2BEE5B002610A8 /* Build configuration list for PBXProject "CollaTalk" */;
			compatibilityVersion = "Xcode 14.0";
			developmentRegion = en;
			hasScannedForEncodings = 0;
			knownRegions = (
				en,
				Base,
			);
			mainGroup = 00F878BE2C2BEE5B002610A8;
			packageReferences = (
				0052C1382C3AFB4D003D08D3 /* XCRemoteSwiftPackageReference "Moya" */,
			);
			productRefGroup = 00F878C82C2BEE5B002610A8 /* Products */;
			projectDirPath = "";
			projectRoot = "";
			targets = (
				00F878C62C2BEE5B002610A8 /* CollaTalk */,
			);
		};
/* End PBXProject section */

/* Begin PBXResourcesBuildPhase section */
		00F878C52C2BEE5B002610A8 /* Resources */ = {
			isa = PBXResourcesBuildPhase;
			buildActionMask = 2147483647;
			files = (
				00F878D22C2BEE5C002610A8 /* Preview Assets.xcassets in Resources */,
				00F878CF2C2BEE5C002610A8 /* Assets.xcassets in Resources */,
			);
			runOnlyForDeploymentPostprocessing = 0;
		};
/* End PBXResourcesBuildPhase section */

/* Begin PBXSourcesBuildPhase section */
		00F878C32C2BEE5B002610A8 /* Sources */ = {
			isa = PBXSourcesBuildPhase;
			buildActionMask = 2147483647;
			files = (
				00A7E41D2C5015E100E9091B /* ResizableTextView.swift in Sources */,
				0086B5C52C38089F00AD889C /* InputView.swift in Sources */,
				006060C12C450BF5001D300F /* FetchDMsParams.swift in Sources */,
				00ED9E052C4BECE000DF5AE7 /* TransferWorkspaceOwnershipParams.swift in Sources */,
				0070E7132C4A01D4009058EA /* AlertView.swift in Sources */,
				00F47A4E2C4E9F8D0095EB4E /* ChatView.swift in Sources */,
				00ED9E012C4BC07400DF5AE7 /* WorkspaceMember.swift in Sources */,
				0037BC072C42D46900E9AF0A /* HomeEmptyView.swift in Sources */,
				000CDD782C490788001F6085 /* EditWorkspaceParams.swift in Sources */,
				00DFAF8E2C3C61C700D25633 /* ValidationCheck.swift in Sources */,
				0037BC122C42E12D00E9AF0A /* WorkspaceProvider.swift in Sources */,
				00F47A442C4E5C870095EB4E /* DMView.swift in Sources */,
				002066FD2C3EDC67007E76BD /* Error+Ext.swift in Sources */,
				00F878CD2C2BEE5B002610A8 /* ContentView.swift in Sources */,
				002066F42C3EC0F3007E76BD /* EmailDoubleCheckRequest.swift in Sources */,
				006060BF2C45005E001D300F /* Channel.swift in Sources */,
				005327502C41381800977D31 /* HomeDefaultView.swift in Sources */,
				00318EED2C3FA9A7003206CB /* LoadingView.swift in Sources */,
				00F47A3B2C4E1D980095EB4E /* InviteMemberError.swift in Sources */,
				00F1B6922C43696900E7EA56 /* MainNaigationBar.swift in Sources */,
				0086B5AD2C37E83B00AD889C /* OnboardingView.swift in Sources */,
				00318EEB2C3F8EB6003206CB /* ModifyWorkspaceView.swift in Sources */,
				00F47A392C4E1C100095EB4E /* InviteMemberRequest.swift in Sources */,
				000CDD7A2C4907BF001F6085 /* EditWorkspaceRequest.swift in Sources */,
				00F6F2B62C3BE9A000C1AFF1 /* Store.swift in Sources */,
				00F47A402C4E42580095EB4E /* DMEmptyView.swift in Sources */,
				00F6F2BC2C3BF4DC00C1AFF1 /* Reducer.swift in Sources */,
				00ED9DFD2C4BA8EC00DF5AE7 /* ChangeWorkspaceOwnerView.swift in Sources */,
				0034AC1B2C44EC170052EE0D /* FetchMyChannelsParams.swift in Sources */,
				00F6F2BE2C3BF4FF00C1AFF1 /* Actions.swift in Sources */,
				002066F82C3EC3E8007E76BD /* JoinError.swift in Sources */,
				00F47A372C4E1BFD0095EB4E /* InviteMemberParams.swift in Sources */,
				00F1B6942C43759700E7EA56 /* SideBar.swift in Sources */,
				00F47A3D2C4E33340095EB4E /* TabViewProvider.swift in Sources */,
				0086B5BF2C37F50500AD889C /* RoundedCorner.swift in Sources */,
				000CDD7D2C490823001F6085 /* MultiPartFormKey.swift in Sources */,
				0034AC192C44E9870052EE0D /* String+Ext.swift in Sources */,
				0086B5B72C37ED2800AD889C /* Fonts+Ext.swift in Sources */,
				007441AB2C4666E500FA8727 /* RemoteImage.swift in Sources */,
				002066FB2C3ED63D007E76BD /* JoinRequest.swift in Sources */,
				007441A72C465E8E00FA8727 /* ImageProvider.swift in Sources */,
				000CDD7F2C49082E001F6085 /* ImageFile.swift in Sources */,
				00436E972C43ED17009FDB71 /* LogginPlugin.swift in Sources */,
				006060BD2C44FC5D001D300F /* FetchMyChannelsError.swift in Sources */,
				0018096E2C46A82900F41D50 /* RemoteImageService.swift in Sources */,
				0052C0E52C3A8A2E003D08D3 /* APIKeys.swift in Sources */,
				002088822C4B72EA0094E3B6 /* DeleteWorkspaceError.swift in Sources */,
				00F878CB2C2BEE5B002610A8 /* CollaTalkApp.swift in Sources */,
				00F6F2C42C3C11E100C1AFF1 /* BaseService.swift in Sources */,
				00C4F9BF2C3D1FED0027B2D6 /* WindowProvider.swift in Sources */,
				005278872C4EBA2500A85AA5 /* HiddenModifier.swift in Sources */,
				0086B5B92C37F18E00AD889C /* BottomSheetView.swift in Sources */,
				007441A52C465AEE00FA8727 /* ImageService.swift in Sources */,
				0037BC0F2C42E04900E9AF0A /* WorkspaceService.swift in Sources */,
				0037BC152C42E1AB00E9AF0A /* Workspace.swift in Sources */,
				00318EE72C3F8115003206CB /* NavigationRouter.swift in Sources */,
				00F6F2BA2C3BF4BA00C1AFF1 /* Middleware.swift in Sources */,
				00F47A422C4E4B4D0095EB4E /* DMListView.swift in Sources */,
				001809712C46A90D00F41D50 /* DownloadImageError.swift in Sources */,
				00F6F2C72C3C129700C1AFF1 /* Headers.swift in Sources */,
				00ED9DFF2C4BBFC600DF5AE7 /* FetchWorkspaceMembersParams.swift in Sources */,
				0086B5B12C37E98D00AD889C /* CustomButton.swift in Sources */,
				00ED9E092C4BED7100DF5AE7 /* TransferWorkspaceOwnershipError.swift in Sources */,
				0020887D2C4B6FD00094E3B6 /* AlertType.swift in Sources */,
				006060C52C450D83001D300F /* FetchDMsError.swift in Sources */,
				00C4F9BC2C3D1FB00027B2D6 /* ToastView.swift in Sources */,
				00F6F2CB2C3C13F700C1AFF1 /* LoginRequest.swift in Sources */,
				0086B5C72C3812DD00AD889C /* LoginView.swift in Sources */,
				0037BBFF2C42C75C00E9AF0A /* MainTabView.swift in Sources */,
				00436E9B2C440F8C009FDB71 /* ImagePickerView.swift in Sources */,
				00F6F2C22C3C115100C1AFF1 /* UserService.swift in Sources */,
				00F1B6962C438BB000E7EA56 /* MainView.swift in Sources */,
				0086B5B42C37EA1200AD889C /* BottomButtonModifier.swift in Sources */,
				00F6F2D02C3C185000C1AFF1 /* UserProvider.swift in Sources */,
				00F6F2CD2C3C14EF00C1AFF1 /* BaseProvider.swift in Sources */,
				002088802C4B720A0094E3B6 /* DeleteWorkspaceParams.swift in Sources */,
				00DA64D52C512F42005BC393 /* CustomPhotosPicker.swift in Sources */,
				0037BC012C42C77700E9AF0A /* MainTab.swift in Sources */,
				00F47A352C4E15020095EB4E /* InviteMemberView.swift in Sources */,
				0086B5C32C3806B500AD889C /* SignUpView.swift in Sources */,
				00DFAF852C3C38A000D25633 /* UserDefaultsManager.swift in Sources */,
				007441A92C465F9500FA8727 /* ImageCacheManager.swift in Sources */,
				0037BC0A2C42D62D00E9AF0A /* HomeContentType.swift in Sources */,
				00ED9E072C4BECF800DF5AE7 /* TransferWorkspaceOwnershipRequest.swift in Sources */,
				00F6F2B82C3BE9F700C1AFF1 /* State.swift in Sources */,
				006060C32C450C3D001D300F /* DM.swift in Sources */,
				00DA64D92C515E98005BC393 /* OnChangeModifier.swift in Sources */,
				0086B5BB2C37F1A600AD889C /* BottomViewGrabber.swift in Sources */,
				0034AC132C44B8640052EE0D /* CreateWorkspaceRequest.swift in Sources */,
				00DFAF8A2C3C42DB00D25633 /* CommonError.swift in Sources */,
				0086B5C12C38065600AD889C /* SheetNavigation.swift in Sources */,
				00318EE52C3F7538003206CB /* WorkspaceStartView.swift in Sources */,
				00DFAF872C3C428300D25633 /* ErrorCode.swift in Sources */,
				00A7E4142C4FD7BC00E9091B /* KeyboardToolbar.swift in Sources */,
				002066F22C3E971D007E76BD /* ToastMessage.swift in Sources */,
				00F6F2D52C3C206100C1AFF1 /* UserInfo.swift in Sources */,
				0034AC162C44BE740052EE0D /* CreateWorkspaceError.swift in Sources */,
				000CDD812C490947001F6085 /* EditWorkspaceError.swift in Sources */,
				0086B5BD2C37F2AD00AD889C /* AuthView.swift in Sources */,
				00436E992C43ED8D009FDB71 /* Data+Ext.swift in Sources */,
				00ED9E032C4BC15300DF5AE7 /* FetchWorkspaceMembersError.swift in Sources */,
			);
			runOnlyForDeploymentPostprocessing = 0;
		};
/* End PBXSourcesBuildPhase section */

/* Begin XCBuildConfiguration section */
		00F878D32C2BEE5C002610A8 /* Debug */ = {
			isa = XCBuildConfiguration;
			buildSettings = {
				ALWAYS_SEARCH_USER_PATHS = NO;
				ASSETCATALOG_COMPILER_GENERATE_SWIFT_ASSET_SYMBOL_EXTENSIONS = YES;
				CLANG_ANALYZER_NONNULL = YES;
				CLANG_ANALYZER_NUMBER_OBJECT_CONVERSION = YES_AGGRESSIVE;
				CLANG_CXX_LANGUAGE_STANDARD = "gnu++20";
				CLANG_ENABLE_MODULES = YES;
				CLANG_ENABLE_OBJC_ARC = YES;
				CLANG_ENABLE_OBJC_WEAK = YES;
				CLANG_WARN_BLOCK_CAPTURE_AUTORELEASING = YES;
				CLANG_WARN_BOOL_CONVERSION = YES;
				CLANG_WARN_COMMA = YES;
				CLANG_WARN_CONSTANT_CONVERSION = YES;
				CLANG_WARN_DEPRECATED_OBJC_IMPLEMENTATIONS = YES;
				CLANG_WARN_DIRECT_OBJC_ISA_USAGE = YES_ERROR;
				CLANG_WARN_DOCUMENTATION_COMMENTS = YES;
				CLANG_WARN_EMPTY_BODY = YES;
				CLANG_WARN_ENUM_CONVERSION = YES;
				CLANG_WARN_INFINITE_RECURSION = YES;
				CLANG_WARN_INT_CONVERSION = YES;
				CLANG_WARN_NON_LITERAL_NULL_CONVERSION = YES;
				CLANG_WARN_OBJC_IMPLICIT_RETAIN_SELF = YES;
				CLANG_WARN_OBJC_LITERAL_CONVERSION = YES;
				CLANG_WARN_OBJC_ROOT_CLASS = YES_ERROR;
				CLANG_WARN_QUOTED_INCLUDE_IN_FRAMEWORK_HEADER = YES;
				CLANG_WARN_RANGE_LOOP_ANALYSIS = YES;
				CLANG_WARN_STRICT_PROTOTYPES = YES;
				CLANG_WARN_SUSPICIOUS_MOVE = YES;
				CLANG_WARN_UNGUARDED_AVAILABILITY = YES_AGGRESSIVE;
				CLANG_WARN_UNREACHABLE_CODE = YES;
				CLANG_WARN__DUPLICATE_METHOD_MATCH = YES;
				COPY_PHASE_STRIP = NO;
				DEBUG_INFORMATION_FORMAT = dwarf;
				ENABLE_STRICT_OBJC_MSGSEND = YES;
				ENABLE_TESTABILITY = YES;
				ENABLE_USER_SCRIPT_SANDBOXING = YES;
				GCC_C_LANGUAGE_STANDARD = gnu17;
				GCC_DYNAMIC_NO_PIC = NO;
				GCC_NO_COMMON_BLOCKS = YES;
				GCC_OPTIMIZATION_LEVEL = 0;
				GCC_PREPROCESSOR_DEFINITIONS = (
					"DEBUG=1",
					"$(inherited)",
				);
				GCC_WARN_64_TO_32_BIT_CONVERSION = YES;
				GCC_WARN_ABOUT_RETURN_TYPE = YES_ERROR;
				GCC_WARN_UNDECLARED_SELECTOR = YES;
				GCC_WARN_UNINITIALIZED_AUTOS = YES_AGGRESSIVE;
				GCC_WARN_UNUSED_FUNCTION = YES;
				GCC_WARN_UNUSED_VARIABLE = YES;
				IPHONEOS_DEPLOYMENT_TARGET = 16.0;
				LOCALIZATION_PREFERS_STRING_CATALOGS = YES;
				MTL_ENABLE_DEBUG_INFO = INCLUDE_SOURCE;
				MTL_FAST_MATH = YES;
				ONLY_ACTIVE_ARCH = YES;
				SDKROOT = iphoneos;
				SWIFT_ACTIVE_COMPILATION_CONDITIONS = "DEBUG $(inherited)";
				SWIFT_OPTIMIZATION_LEVEL = "-Onone";
			};
			name = Debug;
		};
		00F878D42C2BEE5C002610A8 /* Release */ = {
			isa = XCBuildConfiguration;
			buildSettings = {
				ALWAYS_SEARCH_USER_PATHS = NO;
				ASSETCATALOG_COMPILER_GENERATE_SWIFT_ASSET_SYMBOL_EXTENSIONS = YES;
				CLANG_ANALYZER_NONNULL = YES;
				CLANG_ANALYZER_NUMBER_OBJECT_CONVERSION = YES_AGGRESSIVE;
				CLANG_CXX_LANGUAGE_STANDARD = "gnu++20";
				CLANG_ENABLE_MODULES = YES;
				CLANG_ENABLE_OBJC_ARC = YES;
				CLANG_ENABLE_OBJC_WEAK = YES;
				CLANG_WARN_BLOCK_CAPTURE_AUTORELEASING = YES;
				CLANG_WARN_BOOL_CONVERSION = YES;
				CLANG_WARN_COMMA = YES;
				CLANG_WARN_CONSTANT_CONVERSION = YES;
				CLANG_WARN_DEPRECATED_OBJC_IMPLEMENTATIONS = YES;
				CLANG_WARN_DIRECT_OBJC_ISA_USAGE = YES_ERROR;
				CLANG_WARN_DOCUMENTATION_COMMENTS = YES;
				CLANG_WARN_EMPTY_BODY = YES;
				CLANG_WARN_ENUM_CONVERSION = YES;
				CLANG_WARN_INFINITE_RECURSION = YES;
				CLANG_WARN_INT_CONVERSION = YES;
				CLANG_WARN_NON_LITERAL_NULL_CONVERSION = YES;
				CLANG_WARN_OBJC_IMPLICIT_RETAIN_SELF = YES;
				CLANG_WARN_OBJC_LITERAL_CONVERSION = YES;
				CLANG_WARN_OBJC_ROOT_CLASS = YES_ERROR;
				CLANG_WARN_QUOTED_INCLUDE_IN_FRAMEWORK_HEADER = YES;
				CLANG_WARN_RANGE_LOOP_ANALYSIS = YES;
				CLANG_WARN_STRICT_PROTOTYPES = YES;
				CLANG_WARN_SUSPICIOUS_MOVE = YES;
				CLANG_WARN_UNGUARDED_AVAILABILITY = YES_AGGRESSIVE;
				CLANG_WARN_UNREACHABLE_CODE = YES;
				CLANG_WARN__DUPLICATE_METHOD_MATCH = YES;
				COPY_PHASE_STRIP = NO;
				DEBUG_INFORMATION_FORMAT = "dwarf-with-dsym";
				ENABLE_NS_ASSERTIONS = NO;
				ENABLE_STRICT_OBJC_MSGSEND = YES;
				ENABLE_USER_SCRIPT_SANDBOXING = YES;
				GCC_C_LANGUAGE_STANDARD = gnu17;
				GCC_NO_COMMON_BLOCKS = YES;
				GCC_WARN_64_TO_32_BIT_CONVERSION = YES;
				GCC_WARN_ABOUT_RETURN_TYPE = YES_ERROR;
				GCC_WARN_UNDECLARED_SELECTOR = YES;
				GCC_WARN_UNINITIALIZED_AUTOS = YES_AGGRESSIVE;
				GCC_WARN_UNUSED_FUNCTION = YES;
				GCC_WARN_UNUSED_VARIABLE = YES;
				IPHONEOS_DEPLOYMENT_TARGET = 16.0;
				LOCALIZATION_PREFERS_STRING_CATALOGS = YES;
				MTL_ENABLE_DEBUG_INFO = NO;
				MTL_FAST_MATH = YES;
				SDKROOT = iphoneos;
				SWIFT_COMPILATION_MODE = wholemodule;
				VALIDATE_PRODUCT = YES;
			};
			name = Release;
		};
		00F878D62C2BEE5C002610A8 /* Debug */ = {
			isa = XCBuildConfiguration;
			buildSettings = {
				ASSETCATALOG_COMPILER_APPICON_NAME = AppIcon;
				ASSETCATALOG_COMPILER_GLOBAL_ACCENT_COLOR_NAME = AccentColor;
				CODE_SIGN_STYLE = Automatic;
				CURRENT_PROJECT_VERSION = 1;
				DEVELOPMENT_ASSET_PATHS = "\"CollaTalk/Preview Content\"";
				DEVELOPMENT_TEAM = 59V6NJY3X6;
				ENABLE_PREVIEWS = YES;
				GENERATE_INFOPLIST_FILE = YES;
				INFOPLIST_FILE = CollaTalk/Info.plist;
				INFOPLIST_KEY_UIApplicationSceneManifest_Generation = YES;
				INFOPLIST_KEY_UIApplicationSupportsIndirectInputEvents = YES;
				INFOPLIST_KEY_UILaunchScreen_Generation = YES;
				INFOPLIST_KEY_UISupportedInterfaceOrientations = UIInterfaceOrientationPortrait;
				INFOPLIST_KEY_UISupportedInterfaceOrientations_iPad = "UIInterfaceOrientationLandscapeLeft UIInterfaceOrientationLandscapeRight UIInterfaceOrientationPortrait UIInterfaceOrientationPortraitUpsideDown";
				LD_RUNPATH_SEARCH_PATHS = (
					"$(inherited)",
					"@executable_path/Frameworks",
				);
				MARKETING_VERSION = 1.0;
				PRODUCT_BUNDLE_IDENTIFIER = com.constdreamcoder.CollaTalk;
				PRODUCT_NAME = "$(TARGET_NAME)";
				SUPPORTED_PLATFORMS = "iphoneos iphonesimulator";
				SUPPORTS_MACCATALYST = NO;
				SUPPORTS_MAC_DESIGNED_FOR_IPHONE_IPAD = NO;
				SUPPORTS_XR_DESIGNED_FOR_IPHONE_IPAD = NO;
				SWIFT_EMIT_LOC_STRINGS = YES;
				SWIFT_VERSION = 5.0;
				TARGETED_DEVICE_FAMILY = 1;
			};
			name = Debug;
		};
		00F878D72C2BEE5C002610A8 /* Release */ = {
			isa = XCBuildConfiguration;
			buildSettings = {
				ASSETCATALOG_COMPILER_APPICON_NAME = AppIcon;
				ASSETCATALOG_COMPILER_GLOBAL_ACCENT_COLOR_NAME = AccentColor;
				CODE_SIGN_STYLE = Automatic;
				CURRENT_PROJECT_VERSION = 1;
				DEVELOPMENT_ASSET_PATHS = "\"CollaTalk/Preview Content\"";
				DEVELOPMENT_TEAM = 59V6NJY3X6;
				ENABLE_PREVIEWS = YES;
				GENERATE_INFOPLIST_FILE = YES;
				INFOPLIST_FILE = CollaTalk/Info.plist;
				INFOPLIST_KEY_UIApplicationSceneManifest_Generation = YES;
				INFOPLIST_KEY_UIApplicationSupportsIndirectInputEvents = YES;
				INFOPLIST_KEY_UILaunchScreen_Generation = YES;
				INFOPLIST_KEY_UISupportedInterfaceOrientations = UIInterfaceOrientationPortrait;
				INFOPLIST_KEY_UISupportedInterfaceOrientations_iPad = "UIInterfaceOrientationLandscapeLeft UIInterfaceOrientationLandscapeRight UIInterfaceOrientationPortrait UIInterfaceOrientationPortraitUpsideDown";
				LD_RUNPATH_SEARCH_PATHS = (
					"$(inherited)",
					"@executable_path/Frameworks",
				);
				MARKETING_VERSION = 1.0;
				PRODUCT_BUNDLE_IDENTIFIER = com.constdreamcoder.CollaTalk;
				PRODUCT_NAME = "$(TARGET_NAME)";
				SUPPORTED_PLATFORMS = "iphoneos iphonesimulator";
				SUPPORTS_MACCATALYST = NO;
				SUPPORTS_MAC_DESIGNED_FOR_IPHONE_IPAD = NO;
				SUPPORTS_XR_DESIGNED_FOR_IPHONE_IPAD = NO;
				SWIFT_EMIT_LOC_STRINGS = YES;
				SWIFT_VERSION = 5.0;
				TARGETED_DEVICE_FAMILY = 1;
			};
			name = Release;
		};
/* End XCBuildConfiguration section */

/* Begin XCConfigurationList section */
		00F878C22C2BEE5B002610A8 /* Build configuration list for PBXProject "CollaTalk" */ = {
			isa = XCConfigurationList;
			buildConfigurations = (
				00F878D32C2BEE5C002610A8 /* Debug */,
				00F878D42C2BEE5C002610A8 /* Release */,
			);
			defaultConfigurationIsVisible = 0;
			defaultConfigurationName = Release;
		};
		00F878D52C2BEE5C002610A8 /* Build configuration list for PBXNativeTarget "CollaTalk" */ = {
			isa = XCConfigurationList;
			buildConfigurations = (
				00F878D62C2BEE5C002610A8 /* Debug */,
				00F878D72C2BEE5C002610A8 /* Release */,
			);
			defaultConfigurationIsVisible = 0;
			defaultConfigurationName = Release;
		};
/* End XCConfigurationList section */

/* Begin XCRemoteSwiftPackageReference section */
		0052C1382C3AFB4D003D08D3 /* XCRemoteSwiftPackageReference "Moya" */ = {
			isa = XCRemoteSwiftPackageReference;
			repositoryURL = "https://github.com/Moya/Moya";
			requirement = {
				kind = upToNextMajorVersion;
				minimumVersion = 15.0.3;
			};
		};
/* End XCRemoteSwiftPackageReference section */

/* Begin XCSwiftPackageProductDependency section */
		0052C1392C3AFB4D003D08D3 /* CombineMoya */ = {
			isa = XCSwiftPackageProductDependency;
			package = 0052C1382C3AFB4D003D08D3 /* XCRemoteSwiftPackageReference "Moya" */;
			productName = CombineMoya;
		};
/* End XCSwiftPackageProductDependency section */
	};
	rootObject = 00F878BF2C2BEE5B002610A8 /* Project object */;
}
